// !$*UTF8*$!
{
	archiveVersion = 1;
	classes = {
	};
	objectVersion = 46;
	objects = {

/* Begin PBXBuildFile section */
		18B6CA2AC55693ACFCC8B872 /* MarkdownRenderer.swift in Sources */ = {isa = PBXBuildFile; fileRef = B8093C7BD816354A8F4DCAD8 /* MarkdownRenderer.swift */; };
		1D8E706BA1FE351C5F13712D /* FastMDApp.swift in Sources */ = {isa = PBXBuildFile; fileRef = 15D7BFD7A8660DA676A5D032 /* FastMDApp.swift */; };
		2DFD781F13B3B16B6EA7F3EB /* Cocoa.framework in Frameworks */ = {isa = PBXBuildFile; fileRef = 345C610F20E3CCACDBA3B040 /* Cocoa.framework */; };
		4420ED2524138715A2ACD4B5 /* FinderItemResolver.swift in Sources */ = {isa = PBXBuildFile; fileRef = 53C30762334732C438D7228E /* FinderItemResolver.swift */; };
		491078FC8193A1F19FFDF9F1 /* FinderHoverCoordinator.swift in Sources */ = {isa = PBXBuildFile; fileRef = BB13E84977708D4801160DE2 /* FinderHoverCoordinator.swift */; };
		7EEC17E3BD2566A0B1929E9D /* AppDelegate.swift in Sources */ = {isa = PBXBuildFile; fileRef = E2057ECA6122010A1F280595 /* AppDelegate.swift */; };
		90D3A844F94F35E003DD1C61 /* AccessibilityPermissionManager.swift in Sources */ = {isa = PBXBuildFile; fileRef = D55CE109A035F7C3D6336DEA /* AccessibilityPermissionManager.swift */; };
		B0D19051F2E199DBBC52DE4C /* PreviewPanelController.swift in Sources */ = {isa = PBXBuildFile; fileRef = 707448AB909B4CBB8165A960 /* PreviewPanelController.swift */; };
		B1EB1394F1503A82B74F1A6C /* FastMDTests.swift in Sources */ = {isa = PBXBuildFile; fileRef = 169746751BEBD32CD7818D8E /* FastMDTests.swift */; };
		ED6B1C1B49901C1B39504B6A /* Cocoa.framework in Frameworks */ = {isa = PBXBuildFile; fileRef = 345C610F20E3CCACDBA3B040 /* Cocoa.framework */; };
		F80AA12BF113746020FE5604 /* HoverMonitorService.swift in Sources */ = {isa = PBXBuildFile; fileRef = 944915AFE1B92A76C934BC1E /* HoverMonitorService.swift */; };
		FB78149393B349A462EB60C5 /* RuntimeLogger.swift in Sources */ = {isa = PBXBuildFile; fileRef = B74A96C27AA9B953E17EBDA8 /* RuntimeLogger.swift */; };
/* End PBXBuildFile section */

/* Begin PBXContainerItemProxy section */
		92C2AB98F02FD66CAFB8A622 /* PBXContainerItemProxy */ = {
			isa = PBXContainerItemProxy;
			containerPortal = E522EC1FA9EA8D5150691D5A /* Project object */;
			proxyType = 1;
			remoteGlobalIDString = 3092617FD7AC83C2B808B4BD;
			remoteInfo = FastMD;
		};
/* End PBXContainerItemProxy section */

/* Begin PBXFileReference section */
		15D7BFD7A8660DA676A5D032 /* FastMDApp.swift */ = {isa = PBXFileReference; includeInIndex = 1; lastKnownFileType = sourcecode.swift; path = FastMDApp.swift; sourceTree = "<group>"; };
		169746751BEBD32CD7818D8E /* FastMDTests.swift */ = {isa = PBXFileReference; includeInIndex = 1; lastKnownFileType = sourcecode.swift; path = FastMDTests.swift; sourceTree = "<group>"; };
		345C610F20E3CCACDBA3B040 /* Cocoa.framework */ = {isa = PBXFileReference; lastKnownFileType = wrapper.framework; name = Cocoa.framework; path = System/Library/Frameworks/Cocoa.framework; sourceTree = SDKROOT; };
		53C30762334732C438D7228E /* FinderItemResolver.swift */ = {isa = PBXFileReference; includeInIndex = 1; lastKnownFileType = sourcecode.swift; path = FinderItemResolver.swift; sourceTree = "<group>"; };
		707448AB909B4CBB8165A960 /* PreviewPanelController.swift */ = {isa = PBXFileReference; includeInIndex = 1; lastKnownFileType = sourcecode.swift; path = PreviewPanelController.swift; sourceTree = "<group>"; };
		944915AFE1B92A76C934BC1E /* HoverMonitorService.swift */ = {isa = PBXFileReference; includeInIndex = 1; lastKnownFileType = sourcecode.swift; path = HoverMonitorService.swift; sourceTree = "<group>"; };
		A84BD997E831921D2C52955D /* FastMDTests.xctest */ = {isa = PBXFileReference; explicitFileType = wrapper.cfbundle; includeInIndex = 0; path = FastMDTests.xctest; sourceTree = BUILT_PRODUCTS_DIR; };
		B74A96C27AA9B953E17EBDA8 /* RuntimeLogger.swift */ = {isa = PBXFileReference; includeInIndex = 1; lastKnownFileType = sourcecode.swift; path = RuntimeLogger.swift; sourceTree = "<group>"; };
		B8093C7BD816354A8F4DCAD8 /* MarkdownRenderer.swift */ = {isa = PBXFileReference; includeInIndex = 1; lastKnownFileType = sourcecode.swift; path = MarkdownRenderer.swift; sourceTree = "<group>"; };
		BB13E84977708D4801160DE2 /* FinderHoverCoordinator.swift */ = {isa = PBXFileReference; includeInIndex = 1; lastKnownFileType = sourcecode.swift; path = FinderHoverCoordinator.swift; sourceTree = "<group>"; };
		D55CE109A035F7C3D6336DEA /* AccessibilityPermissionManager.swift */ = {isa = PBXFileReference; includeInIndex = 1; lastKnownFileType = sourcecode.swift; path = AccessibilityPermissionManager.swift; sourceTree = "<group>"; };
		E2057ECA6122010A1F280595 /* AppDelegate.swift */ = {isa = PBXFileReference; includeInIndex = 1; lastKnownFileType = sourcecode.swift; path = AppDelegate.swift; sourceTree = "<group>"; };
		E42EF39243184E10D6AA141E /* FastMD.app */ = {isa = PBXFileReference; explicitFileType = wrapper.application; includeInIndex = 0; path = FastMD.app; sourceTree = BUILT_PRODUCTS_DIR; };
/* End PBXFileReference section */

/* Begin PBXFrameworksBuildPhase section */
		09835819E0591D9F9CBD0298 /* Frameworks */ = {
			isa = PBXFrameworksBuildPhase;
			buildActionMask = 2147483647;
			files = (
				ED6B1C1B49901C1B39504B6A /* Cocoa.framework in Frameworks */,
			);
			runOnlyForDeploymentPostprocessing = 0;
		};
		FDAC37E3F8A2C6FFF1DB5B37 /* Frameworks */ = {
			isa = PBXFrameworksBuildPhase;
			buildActionMask = 2147483647;
			files = (
				2DFD781F13B3B16B6EA7F3EB /* Cocoa.framework in Frameworks */,
			);
			runOnlyForDeploymentPostprocessing = 0;
		};
/* End PBXFrameworksBuildPhase section */

/* Begin PBXGroup section */
		0716A0412F292527E9565AC9 /* Sources */ = {
			isa = PBXGroup;
			children = (
				825A6CF79599E9ABC125C220 /* FastMD */,
			);
			name = Sources;
			path = Sources;
			sourceTree = "<group>";
		};
		2832BAAF73109AD5D74E49E8 /* OS X */ = {
			isa = PBXGroup;
			children = (
				345C610F20E3CCACDBA3B040 /* Cocoa.framework */,
			);
			name = "OS X";
			sourceTree = "<group>";
		};
		411EFC877B568CFC3EED238C = {
			isa = PBXGroup;
			children = (
				DDF49BB0A11E243699C8FEE1 /* Frameworks */,
				87068C7CF4A0612E19F439CF /* Products */,
				0716A0412F292527E9565AC9 /* Sources */,
				9545680E3F1AFB6B0C8ABDB5 /* Tests */,
			);
			sourceTree = "<group>";
		};
		825A6CF79599E9ABC125C220 /* FastMD */ = {
			isa = PBXGroup;
			children = (
				D55CE109A035F7C3D6336DEA /* AccessibilityPermissionManager.swift */,
				E2057ECA6122010A1F280595 /* AppDelegate.swift */,
				15D7BFD7A8660DA676A5D032 /* FastMDApp.swift */,
				BB13E84977708D4801160DE2 /* FinderHoverCoordinator.swift */,
				53C30762334732C438D7228E /* FinderItemResolver.swift */,
				944915AFE1B92A76C934BC1E /* HoverMonitorService.swift */,
				B8093C7BD816354A8F4DCAD8 /* MarkdownRenderer.swift */,
				707448AB909B4CBB8165A960 /* PreviewPanelController.swift */,
				B74A96C27AA9B953E17EBDA8 /* RuntimeLogger.swift */,
			);
			name = FastMD;
			path = FastMD;
			sourceTree = "<group>";
		};
		87068C7CF4A0612E19F439CF /* Products */ = {
			isa = PBXGroup;
			children = (
				E42EF39243184E10D6AA141E /* FastMD.app */,
				A84BD997E831921D2C52955D /* FastMDTests.xctest */,
			);
			name = Products;
			sourceTree = "<group>";
		};
		9545680E3F1AFB6B0C8ABDB5 /* Tests */ = {
			isa = PBXGroup;
			children = (
				C8A77AC22DBEAC0FA420F5B5 /* FastMDTests */,
			);
			name = Tests;
			path = Tests;
			sourceTree = "<group>";
		};
		C8A77AC22DBEAC0FA420F5B5 /* FastMDTests */ = {
			isa = PBXGroup;
			children = (
				169746751BEBD32CD7818D8E /* FastMDTests.swift */,
			);
			name = FastMDTests;
			path = FastMDTests;
			sourceTree = "<group>";
		};
		DDF49BB0A11E243699C8FEE1 /* Frameworks */ = {
			isa = PBXGroup;
			children = (
				2832BAAF73109AD5D74E49E8 /* OS X */,
			);
			name = Frameworks;
			sourceTree = "<group>";
		};
/* End PBXGroup section */

/* Begin PBXNativeTarget section */
		3092617FD7AC83C2B808B4BD /* FastMD */ = {
			isa = PBXNativeTarget;
			buildConfigurationList = F4A53318CC9D8039E8B1D39E /* Build configuration list for PBXNativeTarget "FastMD" */;
			buildPhases = (
				2769D44F4B5FE4CFBF4A11D3 /* Sources */,
				FDAC37E3F8A2C6FFF1DB5B37 /* Frameworks */,
				FD2F92D6842BA1B88A88C4C5 /* Resources */,
			);
			buildRules = (
			);
			dependencies = (
			);
			name = FastMD;
			productName = FastMD;
			productReference = E42EF39243184E10D6AA141E /* FastMD.app */;
			productType = "com.apple.product-type.application";
		};
		557881DD5B872713A32F223F /* FastMDTests */ = {
			isa = PBXNativeTarget;
			buildConfigurationList = 794578987AB2D19EA1CCBC5A /* Build configuration list for PBXNativeTarget "FastMDTests" */;
			buildPhases = (
				EC5831CE431941B86E43F766 /* Sources */,
				09835819E0591D9F9CBD0298 /* Frameworks */,
				8AA0CCFD3F8EE1241BC582DA /* Resources */,
			);
			buildRules = (
			);
			dependencies = (
				92AC6C9EF68765A03F875836 /* PBXTargetDependency */,
			);
			name = FastMDTests;
			productName = FastMDTests;
			productReference = A84BD997E831921D2C52955D /* FastMDTests.xctest */;
			productType = "com.apple.product-type.bundle.unit-test";
		};
/* End PBXNativeTarget section */

/* Begin PBXProject section */
		E522EC1FA9EA8D5150691D5A /* Project object */ = {
			isa = PBXProject;
			attributes = {
				LastSwiftUpdateCheck = 2640;
				LastUpgradeCheck = 2640;
				ORGANIZATIONNAME = wangweiyang;
			};
			buildConfigurationList = 384E5DBF63CD8B9143ADDB7B /* Build configuration list for PBXProject "FastMD" */;
			compatibilityVersion = "Xcode 3.2";
			developmentRegion = en;
			hasScannedForEncodings = 0;
			knownRegions = (
				en,
				Base,
			);
			mainGroup = 411EFC877B568CFC3EED238C;
			minimizedProjectReferenceProxies = 0;
			preferredProjectObjectVersion = 77;
			productRefGroup = 87068C7CF4A0612E19F439CF /* Products */;
			projectDirPath = "";
			projectRoot = "";
			targets = (
				3092617FD7AC83C2B808B4BD /* FastMD */,
				557881DD5B872713A32F223F /* FastMDTests */,
			);
		};
/* End PBXProject section */

/* Begin PBXResourcesBuildPhase section */
		8AA0CCFD3F8EE1241BC582DA /* Resources */ = {
			isa = PBXResourcesBuildPhase;
			buildActionMask = 2147483647;
			files = (
			);
			runOnlyForDeploymentPostprocessing = 0;
		};
		FD2F92D6842BA1B88A88C4C5 /* Resources */ = {
			isa = PBXResourcesBuildPhase;
			buildActionMask = 2147483647;
			files = (
			);
			runOnlyForDeploymentPostprocessing = 0;
		};
/* End PBXResourcesBuildPhase section */

/* Begin PBXSourcesBuildPhase section */
		2769D44F4B5FE4CFBF4A11D3 /* Sources */ = {
			isa = PBXSourcesBuildPhase;
			buildActionMask = 2147483647;
			files = (
				90D3A844F94F35E003DD1C61 /* AccessibilityPermissionManager.swift in Sources */,
				7EEC17E3BD2566A0B1929E9D /* AppDelegate.swift in Sources */,
				1D8E706BA1FE351C5F13712D /* FastMDApp.swift in Sources */,
				491078FC8193A1F19FFDF9F1 /* FinderHoverCoordinator.swift in Sources */,
				4420ED2524138715A2ACD4B5 /* FinderItemResolver.swift in Sources */,
				F80AA12BF113746020FE5604 /* HoverMonitorService.swift in Sources */,
				18B6CA2AC55693ACFCC8B872 /* MarkdownRenderer.swift in Sources */,
				B0D19051F2E199DBBC52DE4C /* PreviewPanelController.swift in Sources */,
				FB78149393B349A462EB60C5 /* RuntimeLogger.swift in Sources */,
			);
			runOnlyForDeploymentPostprocessing = 0;
		};
		EC5831CE431941B86E43F766 /* Sources */ = {
			isa = PBXSourcesBuildPhase;
			buildActionMask = 2147483647;
			files = (
				B1EB1394F1503A82B74F1A6C /* FastMDTests.swift in Sources */,
			);
			runOnlyForDeploymentPostprocessing = 0;
		};
/* End PBXSourcesBuildPhase section */

/* Begin PBXTargetDependency section */
		92AC6C9EF68765A03F875836 /* PBXTargetDependency */ = {
			isa = PBXTargetDependency;
			name = FastMD;
			target = 3092617FD7AC83C2B808B4BD /* FastMD */;
			targetProxy = 92C2AB98F02FD66CAFB8A622 /* PBXContainerItemProxy */;
		};
/* End PBXTargetDependency section */

/* Begin XCBuildConfiguration section */
		38948E56273CF9A8C47D8AA4 /* Release */ = {
			isa = XCBuildConfiguration;
			buildSettings = {
				ASSETCATALOG_COMPILER_APPICON_NAME = AppIcon;
				ASSETCATALOG_COMPILER_GLOBAL_ACCENT_COLOR_NAME = AccentColor;
				CODE_SIGNING_ALLOWED = NO;
				CODE_SIGNING_REQUIRED = NO;
				CODE_SIGN_IDENTITY = "";
				COMBINE_HIDPI_IMAGES = YES;
				CURRENT_PROJECT_VERSION = 1;
				GENERATE_INFOPLIST_FILE = YES;
				INFOPLIST_KEY_CFBundleDisplayName = FastMD;
				INFOPLIST_KEY_LSApplicationCategoryType = "public.app-category.productivity";
				INFOPLIST_KEY_LSUIElement = YES;
				INFOPLIST_KEY_NSAppleEventsUsageDescription = "FastMD needs Finder automation to resolve hovered Markdown file paths.";
				LD_RUNPATH_SEARCH_PATHS = "$(inherited) @executable_path/../Frameworks";
				MACOSX_DEPLOYMENT_TARGET = 14.0;
				MARKETING_VERSION = 0.1.0;
				PRODUCT_BUNDLE_IDENTIFIER = com.wangweiyang.FastMD;
				PRODUCT_NAME = "$(TARGET_NAME)";
				SDKROOT = macosx;
				SWIFT_EMIT_LOC_STRINGS = NO;
				SWIFT_VERSION = 6.0;
			};
			name = Release;
		};
		5AC541DA35F19D2FDDE7C44B /* Debug */ = {
			isa = XCBuildConfiguration;
			buildSettings = {
				BUNDLE_LOADER = "$(TEST_HOST)";
				CODE_SIGNING_ALLOWED = NO;
				CODE_SIGNING_REQUIRED = NO;
				CODE_SIGN_IDENTITY = "";
				GENERATE_INFOPLIST_FILE = YES;
				MACOSX_DEPLOYMENT_TARGET = 14.0;
				PRODUCT_BUNDLE_IDENTIFIER = com.wangweiyang.FastMDTests;
				PRODUCT_NAME = "$(TARGET_NAME)";
				SDKROOT = macosx;
				SWIFT_VERSION = 6.0;
				TEST_HOST = "$(BUILT_PRODUCTS_DIR)/FastMD.app/Contents/MacOS/FastMD";
			};
			name = Debug;
		};
		913B46E173EF77A0A5FF0DA9 /* Release */ = {
			isa = XCBuildConfiguration;
			buildSettings = {
				BUNDLE_LOADER = "$(TEST_HOST)";
				CODE_SIGNING_ALLOWED = NO;
				CODE_SIGNING_REQUIRED = NO;
				CODE_SIGN_IDENTITY = "";
				GENERATE_INFOPLIST_FILE = YES;
				MACOSX_DEPLOYMENT_TARGET = 14.0;
				PRODUCT_BUNDLE_IDENTIFIER = com.wangweiyang.FastMDTests;
				PRODUCT_NAME = "$(TARGET_NAME)";
				SDKROOT = macosx;
				SWIFT_VERSION = 6.0;
				TEST_HOST = "$(BUILT_PRODUCTS_DIR)/FastMD.app/Contents/MacOS/FastMD";
			};
			name = Release;
		};
		9254A2A4634FCF20C3A11FFD /* Debug */ = {
			isa = XCBuildConfiguration;
			buildSettings = {
				ASSETCATALOG_COMPILER_APPICON_NAME = AppIcon;
				ASSETCATALOG_COMPILER_GLOBAL_ACCENT_COLOR_NAME = AccentColor;
				CODE_SIGNING_ALLOWED = NO;
				CODE_SIGNING_REQUIRED = NO;
				CODE_SIGN_IDENTITY = "";
				COMBINE_HIDPI_IMAGES = YES;
				CURRENT_PROJECT_VERSION = 1;
				GENERATE_INFOPLIST_FILE = YES;
				INFOPLIST_KEY_CFBundleDisplayName = FastMD;
				INFOPLIST_KEY_LSApplicationCategoryType = "public.app-category.productivity";
				INFOPLIST_KEY_LSUIElement = YES;
				INFOPLIST_KEY_NSAppleEventsUsageDescription = "FastMD needs Finder automation to resolve hovered Markdown file paths.";
				LD_RUNPATH_SEARCH_PATHS = "$(inherited) @executable_path/../Frameworks";
				MACOSX_DEPLOYMENT_TARGET = 14.0;
				MARKETING_VERSION = 0.1.0;
				PRODUCT_BUNDLE_IDENTIFIER = com.wangweiyang.FastMD;
				PRODUCT_NAME = "$(TARGET_NAME)";
				SDKROOT = macosx;
				SWIFT_EMIT_LOC_STRINGS = NO;
				SWIFT_VERSION = 6.0;
			};
			name = Debug;
		};
		BFD0C193155AEE2804AE16BF /* Release */ = {
			isa = XCBuildConfiguration;
			buildSettings = {
				ALWAYS_SEARCH_USER_PATHS = NO;
				CLANG_ANALYZER_NONNULL = YES;
				CLANG_ANALYZER_NUMBER_OBJECT_CONVERSION = YES_AGGRESSIVE;
				CLANG_CXX_LANGUAGE_STANDARD = "gnu++14";
				CLANG_CXX_LIBRARY = "libc++";
				CLANG_ENABLE_MODULES = YES;
				CLANG_ENABLE_OBJC_ARC = YES;
				CLANG_ENABLE_OBJC_WEAK = YES;
				CLANG_WARN_BLOCK_CAPTURE_AUTORELEASING = YES;
				CLANG_WARN_BOOL_CONVERSION = YES;
				CLANG_WARN_COMMA = YES;
				CLANG_WARN_CONSTANT_CONVERSION = YES;
				CLANG_WARN_DEPRECATED_OBJC_IMPLEMENTATIONS = YES;
				CLANG_WARN_DIRECT_OBJC_ISA_USAGE = YES_ERROR;
				CLANG_WARN_DOCUMENTATION_COMMENTS = YES;
				CLANG_WARN_EMPTY_BODY = YES;
				CLANG_WARN_ENUM_CONVERSION = YES;
				CLANG_WARN_INFINITE_RECURSION = YES;
				CLANG_WARN_INT_CONVERSION = YES;
				CLANG_WARN_NON_LITERAL_NULL_CONVERSION = YES;
				CLANG_WARN_OBJC_IMPLICIT_RETAIN_SELF = YES;
				CLANG_WARN_OBJC_LITERAL_CONVERSION = YES;
				CLANG_WARN_OBJC_ROOT_CLASS = YES_ERROR;
				CLANG_WARN_QUOTED_INCLUDE_IN_FRAMEWORK_HEADER = YES;
				CLANG_WARN_RANGE_LOOP_ANALYSIS = YES;
				CLANG_WARN_STRICT_PROTOTYPES = YES;
				CLANG_WARN_SUSPICIOUS_MOVE = YES;
				CLANG_WARN_UNGUARDED_AVAILABILITY = YES_AGGRESSIVE;
				CLANG_WARN_UNREACHABLE_CODE = YES;
				CLANG_WARN__DUPLICATE_METHOD_MATCH = YES;
				COPY_PHASE_STRIP = NO;
				DEBUG_INFORMATION_FORMAT = "dwarf-with-dsym";
				ENABLE_NS_ASSERTIONS = NO;
				ENABLE_STRICT_OBJC_MSGSEND = YES;
				GCC_C_LANGUAGE_STANDARD = gnu11;
				GCC_NO_COMMON_BLOCKS = YES;
				GCC_WARN_64_TO_32_BIT_CONVERSION = YES;
				GCC_WARN_ABOUT_RETURN_TYPE = YES_ERROR;
				GCC_WARN_UNDECLARED_SELECTOR = YES;
				GCC_WARN_UNINITIALIZED_AUTOS = YES_AGGRESSIVE;
				GCC_WARN_UNUSED_FUNCTION = YES;
				GCC_WARN_UNUSED_VARIABLE = YES;
				MACOSX_DEPLOYMENT_TARGET = 14.0;
				MTL_ENABLE_DEBUG_INFO = NO;
				MTL_FAST_MATH = YES;
				PRODUCT_NAME = "$(TARGET_NAME)";
				SDKROOT = macosx;
				SWIFT_COMPILATION_MODE = wholemodule;
				SWIFT_OPTIMIZATION_LEVEL = "-O";
				SWIFT_VERSION = 6.0;
			};
			name = Release;
		};
		F8CBF9244DD2A283C82EDC49 /* Debug */ = {
			isa = XCBuildConfiguration;
			buildSettings = {
				ALWAYS_SEARCH_USER_PATHS = NO;
				CLANG_ANALYZER_NONNULL = YES;
				CLANG_ANALYZER_NUMBER_OBJECT_CONVERSION = YES_AGGRESSIVE;
				CLANG_CXX_LANGUAGE_STANDARD = "gnu++14";
				CLANG_CXX_LIBRARY = "libc++";
				CLANG_ENABLE_MODULES = YES;
				CLANG_ENABLE_OBJC_ARC = YES;
				CLANG_ENABLE_OBJC_WEAK = YES;
				CLANG_WARN_BLOCK_CAPTURE_AUTORELEASING = YES;
				CLANG_WARN_BOOL_CONVERSION = YES;
				CLANG_WARN_COMMA = YES;
				CLANG_WARN_CONSTANT_CONVERSION = YES;
				CLANG_WARN_DEPRECATED_OBJC_IMPLEMENTATIONS = YES;
				CLANG_WARN_DIRECT_OBJC_ISA_USAGE = YES_ERROR;
				CLANG_WARN_DOCUMENTATION_COMMENTS = YES;
				CLANG_WARN_EMPTY_BODY = YES;
				CLANG_WARN_ENUM_CONVERSION = YES;
				CLANG_WARN_INFINITE_RECURSION = YES;
				CLANG_WARN_INT_CONVERSION = YES;
				CLANG_WARN_NON_LITERAL_NULL_CONVERSION = YES;
				CLANG_WARN_OBJC_IMPLICIT_RETAIN_SELF = YES;
				CLANG_WARN_OBJC_LITERAL_CONVERSION = YES;
				CLANG_WARN_OBJC_ROOT_CLASS = YES_ERROR;
				CLANG_WARN_QUOTED_INCLUDE_IN_FRAMEWORK_HEADER = YES;
				CLANG_WARN_RANGE_LOOP_ANALYSIS = YES;
				CLANG_WARN_STRICT_PROTOTYPES = YES;
				CLANG_WARN_SUSPICIOUS_MOVE = YES;
				CLANG_WARN_UNGUARDED_AVAILABILITY = YES_AGGRESSIVE;
				CLANG_WARN_UNREACHABLE_CODE = YES;
				CLANG_WARN__DUPLICATE_METHOD_MATCH = YES;
				COPY_PHASE_STRIP = NO;
				DEBUG_INFORMATION_FORMAT = dwarf;
				ENABLE_STRICT_OBJC_MSGSEND = YES;
				ENABLE_TESTABILITY = YES;
				GCC_C_LANGUAGE_STANDARD = gnu11;
				GCC_DYNAMIC_NO_PIC = NO;
				GCC_NO_COMMON_BLOCKS = YES;
				GCC_OPTIMIZATION_LEVEL = 0;
				GCC_PREPROCESSOR_DEFINITIONS = (
					"DEBUG=1",
					"$(inherited)",
				);
				GCC_WARN_64_TO_32_BIT_CONVERSION = YES;
				GCC_WARN_ABOUT_RETURN_TYPE = YES_ERROR;
				GCC_WARN_UNDECLARED_SELECTOR = YES;
				GCC_WARN_UNINITIALIZED_AUTOS = YES_AGGRESSIVE;
				GCC_WARN_UNUSED_FUNCTION = YES;
				GCC_WARN_UNUSED_VARIABLE = YES;
				MACOSX_DEPLOYMENT_TARGET = 14.0;
				MTL_ENABLE_DEBUG_INFO = INCLUDE_SOURCE;
				MTL_FAST_MATH = YES;
				ONLY_ACTIVE_ARCH = YES;
				PRODUCT_NAME = "$(TARGET_NAME)";
				SDKROOT = macosx;
				SWIFT_ACTIVE_COMPILATION_CONDITIONS = DEBUG;
				SWIFT_OPTIMIZATION_LEVEL = "-Onone";
				SWIFT_VERSION = 6.0;
			};
			name = Debug;
		};
/* End XCBuildConfiguration section */

/* Begin XCConfigurationList section */
		384E5DBF63CD8B9143ADDB7B /* Build configuration list for PBXProject "FastMD" */ = {
			isa = XCConfigurationList;
			buildConfigurations = (
				F8CBF9244DD2A283C82EDC49 /* Debug */,
				BFD0C193155AEE2804AE16BF /* Release */,
			);
			defaultConfigurationIsVisible = 0;
			defaultConfigurationName = Release;
		};
		794578987AB2D19EA1CCBC5A /* Build configuration list for PBXNativeTarget "FastMDTests" */ = {
			isa = XCConfigurationList;
			buildConfigurations = (
				913B46E173EF77A0A5FF0DA9 /* Release */,
				5AC541DA35F19D2FDDE7C44B /* Debug */,
			);
			defaultConfigurationIsVisible = 0;
			defaultConfigurationName = Release;
		};
		F4A53318CC9D8039E8B1D39E /* Build configuration list for PBXNativeTarget "FastMD" */ = {
			isa = XCConfigurationList;
			buildConfigurations = (
				38948E56273CF9A8C47D8AA4 /* Release */,
				9254A2A4634FCF20C3A11FFD /* Debug */,
			);
			defaultConfigurationIsVisible = 0;
			defaultConfigurationName = Release;
		};
/* End XCConfigurationList section */
	};
	rootObject = E522EC1FA9EA8D5150691D5A /* Project object */;
}
