// !$*UTF8*$!
{
	archiveVersion = 1;
	classes = {
	};
	objectVersion = 46;
	objects = {

/* Begin PBXBuildFile section */
		014EE4EE99320DB8068E27C5 /* KaTeX_Main-Italic.woff in Resources */ = {isa = PBXBuildFile; fileRef = 375E35A7D2AF33950BBAC17B /* KaTeX_Main-Italic.woff */; };
		04B9F24859C7ED48C7E1A170 /* KaTeX_Fraktur-Bold.woff2 in Resources */ = {isa = PBXBuildFile; fileRef = 6919B1A10FD90851A239E782 /* KaTeX_Fraktur-Bold.woff2 */; };
		068F36E74C86CD92CACD5A72 /* KaTeX_Size3-Regular.ttf in Resources */ = {isa = PBXBuildFile; fileRef = 14AD0675DD1F6B8865C422E1 /* KaTeX_Size3-Regular.ttf */; };
		06EFF964178CB093F9A3336B /* KaTeX_Size3-Regular.woff2 in Resources */ = {isa = PBXBuildFile; fileRef = F3D38C64A8E15F729159B552 /* KaTeX_Size3-Regular.woff2 */; };
		0936EAD65F8EA9B5D2D00026 /* KaTeX_AMS-Regular.ttf in Resources */ = {isa = PBXBuildFile; fileRef = DB30C71330C7F6DEF37B5F2E /* KaTeX_AMS-Regular.ttf */; };
		0BCD1136A474F99F2C425DE9 /* KaTeX_Main-Bold.woff in Resources */ = {isa = PBXBuildFile; fileRef = 0AD84CEE0ADF4799FEC8D682 /* KaTeX_Main-Bold.woff */; };
		0C7072A9D6DDC6C0A2498520 /* FinderItemResolver.swift in Sources */ = {isa = PBXBuildFile; fileRef = B108F7F7201C3794DC77B093 /* FinderItemResolver.swift */; };
		0EA0B19538F18401C21CBB18 /* AppDelegate.swift in Sources */ = {isa = PBXBuildFile; fileRef = B79A18E00B3F3B91B6A6096D /* AppDelegate.swift */; };
		100E71026239691062D318C5 /* RuntimeLogger.swift in Sources */ = {isa = PBXBuildFile; fileRef = D3BBEBE8D1BF227498472085 /* RuntimeLogger.swift */; };
		144722AC930BF55F67132BAA /* VendorAssetLoader.swift in Sources */ = {isa = PBXBuildFile; fileRef = CA0AFC5089824A6243607CFB /* VendorAssetLoader.swift */; };
		14A8C1BA4C7F0F10C95840F7 /* markdown-it-footnote.min.js in Resources */ = {isa = PBXBuildFile; fileRef = 3DDA01FF052B8F3DBEB6D675 /* markdown-it-footnote.min.js */; };
		18ABF75DA5CBEFEC94D29912 /* KaTeX_Math-Italic.woff in Resources */ = {isa = PBXBuildFile; fileRef = CF2CD7EAE1A2D0213799F410 /* KaTeX_Math-Italic.woff */; };
		1C08B759B365003DADE5FA32 /* KaTeX_SansSerif-Italic.ttf in Resources */ = {isa = PBXBuildFile; fileRef = 4D0DEF847FD5AF56E691DAD0 /* KaTeX_SansSerif-Italic.ttf */; };
		1ED6BAA341C9EE85FD0E9AE5 /* Cocoa.framework in Frameworks */ = {isa = PBXBuildFile; fileRef = AB5CDCA570666DA19786FB23 /* Cocoa.framework */; };
		1F3C9E56F260420FC6CA94B7 /* KaTeX_Math-Italic.ttf in Resources */ = {isa = PBXBuildFile; fileRef = 9016827918A99F1F8AD8B3A9 /* KaTeX_Math-Italic.ttf */; };
		21A001E76F85CDC3FF0FD0E9 /* KaTeX_Main-Italic.woff2 in Resources */ = {isa = PBXBuildFile; fileRef = A7B20EB238171AD99A410F72 /* KaTeX_Main-Italic.woff2 */; };
		2948E90B17BE51924F9B3312 /* katex.min.js in Resources */ = {isa = PBXBuildFile; fileRef = 51E759A7B555D7AB9B4EF1B7 /* katex.min.js */; };
		2B7DAC93A645239F5C859E4E /* KaTeX_Math-BoldItalic.ttf in Resources */ = {isa = PBXBuildFile; fileRef = 412115DDDBC5E74B67D2CA35 /* KaTeX_Math-BoldItalic.ttf */; };
		32DD3AF00750675B5462D8B4 /* KaTeX_SansSerif-Bold.woff in Resources */ = {isa = PBXBuildFile; fileRef = 6A53812AFB558ADDF56611C0 /* KaTeX_SansSerif-Bold.woff */; };
		36DA72FC884E0F923C26CB89 /* MarkdownRenderer.swift in Sources */ = {isa = PBXBuildFile; fileRef = 1C175A8AEAD907A3194471CD /* MarkdownRenderer.swift */; };
		3B35861186887DCC20950642 /* KaTeX_SansSerif-Italic.woff in Resources */ = {isa = PBXBuildFile; fileRef = 579094C38FFF7C073A026CAB /* KaTeX_SansSerif-Italic.woff */; };
		3B7F69A14209331297C173AB /* mermaid.min.js in Resources */ = {isa = PBXBuildFile; fileRef = EEC4D5A61CEFEA30BEDBBE42 /* mermaid.min.js */; };
		4589760007077F9BE5149A80 /* KaTeX_Fraktur-Regular.ttf in Resources */ = {isa = PBXBuildFile; fileRef = E4DA8C1588206E344FAA68C8 /* KaTeX_Fraktur-Regular.ttf */; };
		4CD1F1792653DF6931437474 /* KaTeX_Caligraphic-Regular.woff in Resources */ = {isa = PBXBuildFile; fileRef = 14207A9B13449DF29429B2AB /* KaTeX_Caligraphic-Regular.woff */; };
		50070152FF627D8BE3859742 /* KaTeX_SansSerif-Italic.woff2 in Resources */ = {isa = PBXBuildFile; fileRef = CD451379B791C21DE0F438DC /* KaTeX_SansSerif-Italic.woff2 */; };
		588CC6892CC3F7F18B4CDD56 /* katex.min.css in Resources */ = {isa = PBXBuildFile; fileRef = 7319CBFE139FCD5BED2CE01E /* katex.min.css */; };
		5D132322D79203845D6BFA82 /* KaTeX_Size4-Regular.woff in Resources */ = {isa = PBXBuildFile; fileRef = 3A8DCA9EA1AE7ACC93F68510 /* KaTeX_Size4-Regular.woff */; };
		5DF3EDA485CCA05414991068 /* FastMDTests.swift in Sources */ = {isa = PBXBuildFile; fileRef = 02AAA4AD0336552E807DFF30 /* FastMDTests.swift */; };
		5E45F0CF1FB9CCBBEF6950AA /* FinderSelectionResolver.swift in Sources */ = {isa = PBXBuildFile; fileRef = AAA977704280C36594BE848D /* FinderSelectionResolver.swift */; };
		5F646B1D84D0B5012AA18BC2 /* KaTeX_Caligraphic-Bold.woff in Resources */ = {isa = PBXBuildFile; fileRef = 08EC89D5129BD71FF57138E4 /* KaTeX_Caligraphic-Bold.woff */; };
		621194CA40566F6EE6F125BA /* KaTeX_Typewriter-Regular.woff2 in Resources */ = {isa = PBXBuildFile; fileRef = 4469AFFEEE91D677F6153EB0 /* KaTeX_Typewriter-Regular.woff2 */; };
		62F8D4F2DB6FFAFB2F36C97F /* KaTeX_Size4-Regular.woff2 in Resources */ = {isa = PBXBuildFile; fileRef = A793702D210BC15DD66CA2CC /* KaTeX_Size4-Regular.woff2 */; };
		68496930C3BD04D2023B23EC /* AccessibilityPermissionManager.swift in Sources */ = {isa = PBXBuildFile; fileRef = C2C965F9FCB7F12881B9AF21 /* AccessibilityPermissionManager.swift */; };
		6F70FA388A1205D71700DFEC /* KaTeX_SansSerif-Bold.woff2 in Resources */ = {isa = PBXBuildFile; fileRef = AD734818BD3A682947A6933E /* KaTeX_SansSerif-Bold.woff2 */; };
		72CAC07AD6999C311094655A /* KaTeX_Main-Regular.ttf in Resources */ = {isa = PBXBuildFile; fileRef = 93C2366D82E79B27C4137AE2 /* KaTeX_Main-Regular.ttf */; };
		755C4B39802F0600384D17D5 /* KaTeX_Main-BoldItalic.woff in Resources */ = {isa = PBXBuildFile; fileRef = 0FB977F61472DBF926D8847D /* KaTeX_Main-BoldItalic.woff */; };
		760FC90D4CECD93DCE7B125C /* KaTeX_Caligraphic-Regular.woff2 in Resources */ = {isa = PBXBuildFile; fileRef = 28C65C6AB00EFD6B784E908B /* KaTeX_Caligraphic-Regular.woff2 */; };
		7AF1726F80B4A2BE3BE15C9C /* KaTeX_Main-Italic.ttf in Resources */ = {isa = PBXBuildFile; fileRef = FE0092217AE3DFB9395B31DA /* KaTeX_Main-Italic.ttf */; };
		803451165612A1364D19F7B4 /* FinderHoverCoordinator.swift in Sources */ = {isa = PBXBuildFile; fileRef = A9EBAFC68DD37899CE4FC1BD /* FinderHoverCoordinator.swift */; };
		81D8E9F0A1853572ED30CDD8 /* KaTeX_Math-Italic.woff2 in Resources */ = {isa = PBXBuildFile; fileRef = 865843A6CB0ADC2D021792DD /* KaTeX_Math-Italic.woff2 */; };
		824C57CCFF0514DA09C2ECE8 /* KaTeX_Typewriter-Regular.woff in Resources */ = {isa = PBXBuildFile; fileRef = E6922D057AE2B52109F90E14 /* KaTeX_Typewriter-Regular.woff */; };
		82C1B62694AB265A093E4348 /* PreviewPanelController.swift in Sources */ = {isa = PBXBuildFile; fileRef = 05E266FECDD918B1565591A9 /* PreviewPanelController.swift */; };
		83CA66FDE46C7DC9D8CE6C5E /* KaTeX_Main-Regular.woff2 in Resources */ = {isa = PBXBuildFile; fileRef = C682E833A8B1BB383108537D /* KaTeX_Main-Regular.woff2 */; };
		86B912F6FE05ED33D0584956 /* KaTeX_AMS-Regular.woff in Resources */ = {isa = PBXBuildFile; fileRef = B6DE13E4CDA80118BF9DA6C9 /* KaTeX_AMS-Regular.woff */; };
		8D0D96CFDDD6D2F93E766059 /* katex-auto-render.min.js in Resources */ = {isa = PBXBuildFile; fileRef = 7273DFF7560ABAB74916295D /* katex-auto-render.min.js */; };
		8E7F8637DE9AD1A6D33B05E8 /* KaTeX_Main-BoldItalic.woff2 in Resources */ = {isa = PBXBuildFile; fileRef = 82B66BA74EEA480E39306F2F /* KaTeX_Main-BoldItalic.woff2 */; };
		8EEF47F26A59807A021003F2 /* KaTeX_Caligraphic-Bold.ttf in Resources */ = {isa = PBXBuildFile; fileRef = 3F6DA950EB521011D4954E16 /* KaTeX_Caligraphic-Bold.ttf */; };
		911CF7A76C16DED643C04B41 /* highlight.github.min.css in Resources */ = {isa = PBXBuildFile; fileRef = 22863A2D4541AED3DB64AF8C /* highlight.github.min.css */; };
		91E487ED2B375D05AE07AABE /* KaTeX_SansSerif-Regular.ttf in Resources */ = {isa = PBXBuildFile; fileRef = F5C953ABB6F76DA36BEC2CB6 /* KaTeX_SansSerif-Regular.ttf */; };
		997919D31879FA3418F5A019 /* PreferencesStore.swift in Sources */ = {isa = PBXBuildFile; fileRef = 63306976719E876711E2244F /* PreferencesStore.swift */; };
		9EF5C924C21BC2AD68249B0D /* KaTeX_Script-Regular.woff2 in Resources */ = {isa = PBXBuildFile; fileRef = BE258CF998417BEB5DBB7891 /* KaTeX_Script-Regular.woff2 */; };
		A64CF139FBF752B8BC77EA4A /* KaTeX_Fraktur-Bold.ttf in Resources */ = {isa = PBXBuildFile; fileRef = 13B17D6F4952F995D24B4E5A /* KaTeX_Fraktur-Bold.ttf */; };
		A6EDB3CD6CAE749B140C2D31 /* KaTeX_Script-Regular.woff in Resources */ = {isa = PBXBuildFile; fileRef = C647274BFD41430C15289F6A /* KaTeX_Script-Regular.woff */; };
		A8F4D02C422201FD6305CDED /* KaTeX_Size1-Regular.ttf in Resources */ = {isa = PBXBuildFile; fileRef = 63CD1BB7A9240254F4AB2FF6 /* KaTeX_Size1-Regular.ttf */; };
		A9100043A89F48EA845E0F57 /* KaTeX_SansSerif-Regular.woff2 in Resources */ = {isa = PBXBuildFile; fileRef = E5DD6924B155B98813893C2F /* KaTeX_SansSerif-Regular.woff2 */; };
		AF647791279485A8BA0B89A1 /* KaTeX_Main-Regular.woff in Resources */ = {isa = PBXBuildFile; fileRef = 5AAC53819DEDAD175459BD3D /* KaTeX_Main-Regular.woff */; };
		B2D493785CF4D20449FC7433 /* KaTeX_Size3-Regular.woff in Resources */ = {isa = PBXBuildFile; fileRef = 6D39578BA5CA544401A27C02 /* KaTeX_Size3-Regular.woff */; };
		B30098D4C17EA754F99C4B68 /* KaTeX_Caligraphic-Bold.woff2 in Resources */ = {isa = PBXBuildFile; fileRef = 91CDA6CB68F0830A7DB11DBF /* KaTeX_Caligraphic-Bold.woff2 */; };
		B321FCAADDDE4B6C63A0644E /* KaTeX_Main-Bold.woff2 in Resources */ = {isa = PBXBuildFile; fileRef = 08E1C03A22574072EFBD737B /* KaTeX_Main-Bold.woff2 */; };
		B95C16F2FDDDC3AAF6E87731 /* KaTeX_SansSerif-Bold.ttf in Resources */ = {isa = PBXBuildFile; fileRef = 2B0215412CB7CD6EF1268DD9 /* KaTeX_SansSerif-Bold.ttf */; };
		C2C1C6A62BCAF205DBF72CDC /* KaTeX_Typewriter-Regular.ttf in Resources */ = {isa = PBXBuildFile; fileRef = 96230B5979F029F0B7894480 /* KaTeX_Typewriter-Regular.ttf */; };
		C43AED3FE5C05B5E2FEB77FA /* KaTeX_Main-Bold.ttf in Resources */ = {isa = PBXBuildFile; fileRef = 2D5B301696CA3E0D86609342 /* KaTeX_Main-Bold.ttf */; };
		C5364DC6392F8F836B5B5438 /* markdown-it.min.js in Resources */ = {isa = PBXBuildFile; fileRef = C12E62A2D6E4CBC074FF0499 /* markdown-it.min.js */; };
		C6546C45437C29A2298B6251 /* KaTeX_Math-BoldItalic.woff2 in Resources */ = {isa = PBXBuildFile; fileRef = 723FFF5A68829F7586801BC2 /* KaTeX_Math-BoldItalic.woff2 */; };
		CE4D672F10060F9B373B94FA /* Cocoa.framework in Frameworks */ = {isa = PBXBuildFile; fileRef = AB5CDCA570666DA19786FB23 /* Cocoa.framework */; };
		CF84E2E98F125725629EF1D7 /* KaTeX_Script-Regular.ttf in Resources */ = {isa = PBXBuildFile; fileRef = 10F9EC76C2B50B250713D995 /* KaTeX_Script-Regular.ttf */; };
		D0947F82FB3F871A90DB179A /* KaTeX_SansSerif-Regular.woff in Resources */ = {isa = PBXBuildFile; fileRef = DE39796CB7127DACBFF3E014 /* KaTeX_SansSerif-Regular.woff */; };
		D0A34B46B1CD189D299FEB78 /* KaTeX_Fraktur-Bold.woff in Resources */ = {isa = PBXBuildFile; fileRef = FAD0DEC55484A2739FE56073 /* KaTeX_Fraktur-Bold.woff */; };
		D1FA6F95DB355A54023D125B /* KaTeX_Fraktur-Regular.woff2 in Resources */ = {isa = PBXBuildFile; fileRef = 2AEAE4B632ADFEAC0F48DF54 /* KaTeX_Fraktur-Regular.woff2 */; };
		D24EA8CC18BA1642B177F335 /* KaTeX_Caligraphic-Regular.ttf in Resources */ = {isa = PBXBuildFile; fileRef = 9185D13D8A0CE432A882107F /* KaTeX_Caligraphic-Regular.ttf */; };
		D2F5826D1F06A24A06A6E4BE /* KaTeX_Size1-Regular.woff in Resources */ = {isa = PBXBuildFile; fileRef = 39429109187AB144A50DBD06 /* KaTeX_Size1-Regular.woff */; };
		D5ABAA9D6D155AE9E5FAD161 /* KaTeX_Main-BoldItalic.ttf in Resources */ = {isa = PBXBuildFile; fileRef = 123FF9CD6FAD349319ABBBF7 /* KaTeX_Main-BoldItalic.ttf */; };
		D7499212D603FB28F88844A3 /* KaTeX_Size2-Regular.woff2 in Resources */ = {isa = PBXBuildFile; fileRef = 1A6F0766B38A3F761B890B40 /* KaTeX_Size2-Regular.woff2 */; };
		D79B711164F5DCF9F011BCAE /* highlight.common.min.js in Resources */ = {isa = PBXBuildFile; fileRef = 6B579FFCD94AC5A523B98ED5 /* highlight.common.min.js */; };
		DA9EF575ECC2128DB65276E7 /* KaTeX_Fraktur-Regular.woff in Resources */ = {isa = PBXBuildFile; fileRef = DEF61D2E8869C495B36185B6 /* KaTeX_Fraktur-Regular.woff */; };
		E32F421855E14FEBF117E2E1 /* markdown-it-task-lists.min.js in Resources */ = {isa = PBXBuildFile; fileRef = 659C644BDE1F760A892EE3A7 /* markdown-it-task-lists.min.js */; };
		E3414D051C6BA2BDD8DADB3E /* SpaceKeyMonitor.swift in Sources */ = {isa = PBXBuildFile; fileRef = 30D2829402B7E95F1558C20E /* SpaceKeyMonitor.swift */; };
		E4DF160D20E931C0E565353F /* HoverMonitorService.swift in Sources */ = {isa = PBXBuildFile; fileRef = D8C7481A9EBDE1BA21B0AA4D /* HoverMonitorService.swift */; };
		E9DDA893B9BFF1BA045FA2CB /* KaTeX_Size2-Regular.ttf in Resources */ = {isa = PBXBuildFile; fileRef = 1FA166A93836C236537F5CA2 /* KaTeX_Size2-Regular.ttf */; };
		F4644AD69E3077AA3D16A4D9 /* FastMDApp.swift in Sources */ = {isa = PBXBuildFile; fileRef = 6D4E5D098F724531F48D715C /* FastMDApp.swift */; };
		F685ED536434004F6C6BFA25 /* KaTeX_AMS-Regular.woff2 in Resources */ = {isa = PBXBuildFile; fileRef = 8AE849C591CD079019AD6F74 /* KaTeX_AMS-Regular.woff2 */; };
		FA6537EE4A7DA1413B2E6339 /* KaTeX_Size4-Regular.ttf in Resources */ = {isa = PBXBuildFile; fileRef = 475C9084E2612A24560D1B8E /* KaTeX_Size4-Regular.ttf */; };
		FD56AA4914CE4A5BB4252ABE /* KaTeX_Size1-Regular.woff2 in Resources */ = {isa = PBXBuildFile; fileRef = 821FA6D6122AFE8AA4CD071A /* KaTeX_Size1-Regular.woff2 */; };
		FE3C675676AFAE7B08485E15 /* KaTeX_Math-BoldItalic.woff in Resources */ = {isa = PBXBuildFile; fileRef = 2FE7A386D821170B2FE50886 /* KaTeX_Math-BoldItalic.woff */; };
		FF00AFD5743F301A01C919A7 /* KaTeX_Size2-Regular.woff in Resources */ = {isa = PBXBuildFile; fileRef = 567DE98CCAA82ECF7420851A /* KaTeX_Size2-Regular.woff */; };
/* End PBXBuildFile section */

/* Begin PBXContainerItemProxy section */
		2F5862A6FC98B4F5179C743A /* PBXContainerItemProxy */ = {
			isa = PBXContainerItemProxy;
			containerPortal = 6DF2091BED319CD83BF5A375 /* Project object */;
			proxyType = 1;
			remoteGlobalIDString = 4965C1B85433F4899BA0FDD5;
			remoteInfo = FastMD;
		};
/* End PBXContainerItemProxy section */

/* Begin PBXFileReference section */
		02AAA4AD0336552E807DFF30 /* FastMDTests.swift */ = {isa = PBXFileReference; includeInIndex = 1; lastKnownFileType = sourcecode.swift; path = FastMDTests.swift; sourceTree = "<group>"; };
		05E266FECDD918B1565591A9 /* PreviewPanelController.swift */ = {isa = PBXFileReference; includeInIndex = 1; lastKnownFileType = sourcecode.swift; path = PreviewPanelController.swift; sourceTree = "<group>"; };
		08E1C03A22574072EFBD737B /* KaTeX_Main-Bold.woff2 */ = {isa = PBXFileReference; includeInIndex = 1; name = "KaTeX_Main-Bold.woff2"; path = "Vendor/fonts/KaTeX_Main-Bold.woff2"; sourceTree = "<group>"; };
		08EC89D5129BD71FF57138E4 /* KaTeX_Caligraphic-Bold.woff */ = {isa = PBXFileReference; includeInIndex = 1; name = "KaTeX_Caligraphic-Bold.woff"; path = "Vendor/fonts/KaTeX_Caligraphic-Bold.woff"; sourceTree = "<group>"; };
		0AD84CEE0ADF4799FEC8D682 /* KaTeX_Main-Bold.woff */ = {isa = PBXFileReference; includeInIndex = 1; name = "KaTeX_Main-Bold.woff"; path = "Vendor/fonts/KaTeX_Main-Bold.woff"; sourceTree = "<group>"; };
		0FB977F61472DBF926D8847D /* KaTeX_Main-BoldItalic.woff */ = {isa = PBXFileReference; includeInIndex = 1; name = "KaTeX_Main-BoldItalic.woff"; path = "Vendor/fonts/KaTeX_Main-BoldItalic.woff"; sourceTree = "<group>"; };
		10F9EC76C2B50B250713D995 /* KaTeX_Script-Regular.ttf */ = {isa = PBXFileReference; includeInIndex = 1; name = "KaTeX_Script-Regular.ttf"; path = "Vendor/fonts/KaTeX_Script-Regular.ttf"; sourceTree = "<group>"; };
		123FF9CD6FAD349319ABBBF7 /* KaTeX_Main-BoldItalic.ttf */ = {isa = PBXFileReference; includeInIndex = 1; name = "KaTeX_Main-BoldItalic.ttf"; path = "Vendor/fonts/KaTeX_Main-BoldItalic.ttf"; sourceTree = "<group>"; };
		13B17D6F4952F995D24B4E5A /* KaTeX_Fraktur-Bold.ttf */ = {isa = PBXFileReference; includeInIndex = 1; name = "KaTeX_Fraktur-Bold.ttf"; path = "Vendor/fonts/KaTeX_Fraktur-Bold.ttf"; sourceTree = "<group>"; };
		14207A9B13449DF29429B2AB /* KaTeX_Caligraphic-Regular.woff */ = {isa = PBXFileReference; includeInIndex = 1; name = "KaTeX_Caligraphic-Regular.woff"; path = "Vendor/fonts/KaTeX_Caligraphic-Regular.woff"; sourceTree = "<group>"; };
		143661F47C7F7BA78DE833C3 /* FastMD.app */ = {isa = PBXFileReference; explicitFileType = wrapper.application; includeInIndex = 0; path = FastMD.app; sourceTree = BUILT_PRODUCTS_DIR; };
		14AD0675DD1F6B8865C422E1 /* KaTeX_Size3-Regular.ttf */ = {isa = PBXFileReference; includeInIndex = 1; name = "KaTeX_Size3-Regular.ttf"; path = "Vendor/fonts/KaTeX_Size3-Regular.ttf"; sourceTree = "<group>"; };
		1A6F0766B38A3F761B890B40 /* KaTeX_Size2-Regular.woff2 */ = {isa = PBXFileReference; includeInIndex = 1; name = "KaTeX_Size2-Regular.woff2"; path = "Vendor/fonts/KaTeX_Size2-Regular.woff2"; sourceTree = "<group>"; };
		1C175A8AEAD907A3194471CD /* MarkdownRenderer.swift */ = {isa = PBXFileReference; includeInIndex = 1; lastKnownFileType = sourcecode.swift; path = MarkdownRenderer.swift; sourceTree = "<group>"; };
		1FA166A93836C236537F5CA2 /* KaTeX_Size2-Regular.ttf */ = {isa = PBXFileReference; includeInIndex = 1; name = "KaTeX_Size2-Regular.ttf"; path = "Vendor/fonts/KaTeX_Size2-Regular.ttf"; sourceTree = "<group>"; };
		22863A2D4541AED3DB64AF8C /* highlight.github.min.css */ = {isa = PBXFileReference; includeInIndex = 1; name = highlight.github.min.css; path = Vendor/css/highlight.github.min.css; sourceTree = "<group>"; };
		28C65C6AB00EFD6B784E908B /* KaTeX_Caligraphic-Regular.woff2 */ = {isa = PBXFileReference; includeInIndex = 1; name = "KaTeX_Caligraphic-Regular.woff2"; path = "Vendor/fonts/KaTeX_Caligraphic-Regular.woff2"; sourceTree = "<group>"; };
		2AEAE4B632ADFEAC0F48DF54 /* KaTeX_Fraktur-Regular.woff2 */ = {isa = PBXFileReference; includeInIndex = 1; name = "KaTeX_Fraktur-Regular.woff2"; path = "Vendor/fonts/KaTeX_Fraktur-Regular.woff2"; sourceTree = "<group>"; };
		2B0215412CB7CD6EF1268DD9 /* KaTeX_SansSerif-Bold.ttf */ = {isa = PBXFileReference; includeInIndex = 1; name = "KaTeX_SansSerif-Bold.ttf"; path = "Vendor/fonts/KaTeX_SansSerif-Bold.ttf"; sourceTree = "<group>"; };
		2D5B301696CA3E0D86609342 /* KaTeX_Main-Bold.ttf */ = {isa = PBXFileReference; includeInIndex = 1; name = "KaTeX_Main-Bold.ttf"; path = "Vendor/fonts/KaTeX_Main-Bold.ttf"; sourceTree = "<group>"; };
		2FE7A386D821170B2FE50886 /* KaTeX_Math-BoldItalic.woff */ = {isa = PBXFileReference; includeInIndex = 1; name = "KaTeX_Math-BoldItalic.woff"; path = "Vendor/fonts/KaTeX_Math-BoldItalic.woff"; sourceTree = "<group>"; };
		30D2829402B7E95F1558C20E /* SpaceKeyMonitor.swift */ = {isa = PBXFileReference; includeInIndex = 1; lastKnownFileType = sourcecode.swift; path = SpaceKeyMonitor.swift; sourceTree = "<group>"; };
		375E35A7D2AF33950BBAC17B /* KaTeX_Main-Italic.woff */ = {isa = PBXFileReference; includeInIndex = 1; name = "KaTeX_Main-Italic.woff"; path = "Vendor/fonts/KaTeX_Main-Italic.woff"; sourceTree = "<group>"; };
		39429109187AB144A50DBD06 /* KaTeX_Size1-Regular.woff */ = {isa = PBXFileReference; includeInIndex = 1; name = "KaTeX_Size1-Regular.woff"; path = "Vendor/fonts/KaTeX_Size1-Regular.woff"; sourceTree = "<group>"; };
		3A8DCA9EA1AE7ACC93F68510 /* KaTeX_Size4-Regular.woff */ = {isa = PBXFileReference; includeInIndex = 1; name = "KaTeX_Size4-Regular.woff"; path = "Vendor/fonts/KaTeX_Size4-Regular.woff"; sourceTree = "<group>"; };
		3DDA01FF052B8F3DBEB6D675 /* markdown-it-footnote.min.js */ = {isa = PBXFileReference; includeInIndex = 1; name = "markdown-it-footnote.min.js"; path = "Vendor/js/markdown-it-footnote.min.js"; sourceTree = "<group>"; };
		3F6DA950EB521011D4954E16 /* KaTeX_Caligraphic-Bold.ttf */ = {isa = PBXFileReference; includeInIndex = 1; name = "KaTeX_Caligraphic-Bold.ttf"; path = "Vendor/fonts/KaTeX_Caligraphic-Bold.ttf"; sourceTree = "<group>"; };
		412115DDDBC5E74B67D2CA35 /* KaTeX_Math-BoldItalic.ttf */ = {isa = PBXFileReference; includeInIndex = 1; name = "KaTeX_Math-BoldItalic.ttf"; path = "Vendor/fonts/KaTeX_Math-BoldItalic.ttf"; sourceTree = "<group>"; };
		4469AFFEEE91D677F6153EB0 /* KaTeX_Typewriter-Regular.woff2 */ = {isa = PBXFileReference; includeInIndex = 1; name = "KaTeX_Typewriter-Regular.woff2"; path = "Vendor/fonts/KaTeX_Typewriter-Regular.woff2"; sourceTree = "<group>"; };
		475C9084E2612A24560D1B8E /* KaTeX_Size4-Regular.ttf */ = {isa = PBXFileReference; includeInIndex = 1; name = "KaTeX_Size4-Regular.ttf"; path = "Vendor/fonts/KaTeX_Size4-Regular.ttf"; sourceTree = "<group>"; };
		4D0DEF847FD5AF56E691DAD0 /* KaTeX_SansSerif-Italic.ttf */ = {isa = PBXFileReference; includeInIndex = 1; name = "KaTeX_SansSerif-Italic.ttf"; path = "Vendor/fonts/KaTeX_SansSerif-Italic.ttf"; sourceTree = "<group>"; };
		51E759A7B555D7AB9B4EF1B7 /* katex.min.js */ = {isa = PBXFileReference; includeInIndex = 1; name = katex.min.js; path = Vendor/js/katex.min.js; sourceTree = "<group>"; };
		567DE98CCAA82ECF7420851A /* KaTeX_Size2-Regular.woff */ = {isa = PBXFileReference; includeInIndex = 1; name = "KaTeX_Size2-Regular.woff"; path = "Vendor/fonts/KaTeX_Size2-Regular.woff"; sourceTree = "<group>"; };
		579094C38FFF7C073A026CAB /* KaTeX_SansSerif-Italic.woff */ = {isa = PBXFileReference; includeInIndex = 1; name = "KaTeX_SansSerif-Italic.woff"; path = "Vendor/fonts/KaTeX_SansSerif-Italic.woff"; sourceTree = "<group>"; };
		5AAC53819DEDAD175459BD3D /* KaTeX_Main-Regular.woff */ = {isa = PBXFileReference; includeInIndex = 1; name = "KaTeX_Main-Regular.woff"; path = "Vendor/fonts/KaTeX_Main-Regular.woff"; sourceTree = "<group>"; };
		63306976719E876711E2244F /* PreferencesStore.swift */ = {isa = PBXFileReference; includeInIndex = 1; lastKnownFileType = sourcecode.swift; path = PreferencesStore.swift; sourceTree = "<group>"; };
		63CD1BB7A9240254F4AB2FF6 /* KaTeX_Size1-Regular.ttf */ = {isa = PBXFileReference; includeInIndex = 1; name = "KaTeX_Size1-Regular.ttf"; path = "Vendor/fonts/KaTeX_Size1-Regular.ttf"; sourceTree = "<group>"; };
		659C644BDE1F760A892EE3A7 /* markdown-it-task-lists.min.js */ = {isa = PBXFileReference; includeInIndex = 1; name = "markdown-it-task-lists.min.js"; path = "Vendor/js/markdown-it-task-lists.min.js"; sourceTree = "<group>"; };
		6919B1A10FD90851A239E782 /* KaTeX_Fraktur-Bold.woff2 */ = {isa = PBXFileReference; includeInIndex = 1; name = "KaTeX_Fraktur-Bold.woff2"; path = "Vendor/fonts/KaTeX_Fraktur-Bold.woff2"; sourceTree = "<group>"; };
		6A53812AFB558ADDF56611C0 /* KaTeX_SansSerif-Bold.woff */ = {isa = PBXFileReference; includeInIndex = 1; name = "KaTeX_SansSerif-Bold.woff"; path = "Vendor/fonts/KaTeX_SansSerif-Bold.woff"; sourceTree = "<group>"; };
		6B579FFCD94AC5A523B98ED5 /* highlight.common.min.js */ = {isa = PBXFileReference; includeInIndex = 1; name = highlight.common.min.js; path = Vendor/js/highlight.common.min.js; sourceTree = "<group>"; };
		6D39578BA5CA544401A27C02 /* KaTeX_Size3-Regular.woff */ = {isa = PBXFileReference; includeInIndex = 1; name = "KaTeX_Size3-Regular.woff"; path = "Vendor/fonts/KaTeX_Size3-Regular.woff"; sourceTree = "<group>"; };
		6D4E5D098F724531F48D715C /* FastMDApp.swift */ = {isa = PBXFileReference; includeInIndex = 1; lastKnownFileType = sourcecode.swift; path = FastMDApp.swift; sourceTree = "<group>"; };
		723FFF5A68829F7586801BC2 /* KaTeX_Math-BoldItalic.woff2 */ = {isa = PBXFileReference; includeInIndex = 1; name = "KaTeX_Math-BoldItalic.woff2"; path = "Vendor/fonts/KaTeX_Math-BoldItalic.woff2"; sourceTree = "<group>"; };
		7273DFF7560ABAB74916295D /* katex-auto-render.min.js */ = {isa = PBXFileReference; includeInIndex = 1; name = "katex-auto-render.min.js"; path = "Vendor/js/katex-auto-render.min.js"; sourceTree = "<group>"; };
		7319CBFE139FCD5BED2CE01E /* katex.min.css */ = {isa = PBXFileReference; includeInIndex = 1; name = katex.min.css; path = Vendor/css/katex.min.css; sourceTree = "<group>"; };
		75271A1DC60EB449691DCFF6 /* FastMDTests.xctest */ = {isa = PBXFileReference; explicitFileType = wrapper.cfbundle; includeInIndex = 0; path = FastMDTests.xctest; sourceTree = BUILT_PRODUCTS_DIR; };
		821FA6D6122AFE8AA4CD071A /* KaTeX_Size1-Regular.woff2 */ = {isa = PBXFileReference; includeInIndex = 1; name = "KaTeX_Size1-Regular.woff2"; path = "Vendor/fonts/KaTeX_Size1-Regular.woff2"; sourceTree = "<group>"; };
		82B66BA74EEA480E39306F2F /* KaTeX_Main-BoldItalic.woff2 */ = {isa = PBXFileReference; includeInIndex = 1; name = "KaTeX_Main-BoldItalic.woff2"; path = "Vendor/fonts/KaTeX_Main-BoldItalic.woff2"; sourceTree = "<group>"; };
		865843A6CB0ADC2D021792DD /* KaTeX_Math-Italic.woff2 */ = {isa = PBXFileReference; includeInIndex = 1; name = "KaTeX_Math-Italic.woff2"; path = "Vendor/fonts/KaTeX_Math-Italic.woff2"; sourceTree = "<group>"; };
		8AE849C591CD079019AD6F74 /* KaTeX_AMS-Regular.woff2 */ = {isa = PBXFileReference; includeInIndex = 1; name = "KaTeX_AMS-Regular.woff2"; path = "Vendor/fonts/KaTeX_AMS-Regular.woff2"; sourceTree = "<group>"; };
		9016827918A99F1F8AD8B3A9 /* KaTeX_Math-Italic.ttf */ = {isa = PBXFileReference; includeInIndex = 1; name = "KaTeX_Math-Italic.ttf"; path = "Vendor/fonts/KaTeX_Math-Italic.ttf"; sourceTree = "<group>"; };
		9185D13D8A0CE432A882107F /* KaTeX_Caligraphic-Regular.ttf */ = {isa = PBXFileReference; includeInIndex = 1; name = "KaTeX_Caligraphic-Regular.ttf"; path = "Vendor/fonts/KaTeX_Caligraphic-Regular.ttf"; sourceTree = "<group>"; };
		91CDA6CB68F0830A7DB11DBF /* KaTeX_Caligraphic-Bold.woff2 */ = {isa = PBXFileReference; includeInIndex = 1; name = "KaTeX_Caligraphic-Bold.woff2"; path = "Vendor/fonts/KaTeX_Caligraphic-Bold.woff2"; sourceTree = "<group>"; };
		93C2366D82E79B27C4137AE2 /* KaTeX_Main-Regular.ttf */ = {isa = PBXFileReference; includeInIndex = 1; name = "KaTeX_Main-Regular.ttf"; path = "Vendor/fonts/KaTeX_Main-Regular.ttf"; sourceTree = "<group>"; };
		96230B5979F029F0B7894480 /* KaTeX_Typewriter-Regular.ttf */ = {isa = PBXFileReference; includeInIndex = 1; name = "KaTeX_Typewriter-Regular.ttf"; path = "Vendor/fonts/KaTeX_Typewriter-Regular.ttf"; sourceTree = "<group>"; };
		A793702D210BC15DD66CA2CC /* KaTeX_Size4-Regular.woff2 */ = {isa = PBXFileReference; includeInIndex = 1; name = "KaTeX_Size4-Regular.woff2"; path = "Vendor/fonts/KaTeX_Size4-Regular.woff2"; sourceTree = "<group>"; };
		A7B20EB238171AD99A410F72 /* KaTeX_Main-Italic.woff2 */ = {isa = PBXFileReference; includeInIndex = 1; name = "KaTeX_Main-Italic.woff2"; path = "Vendor/fonts/KaTeX_Main-Italic.woff2"; sourceTree = "<group>"; };
		A9EBAFC68DD37899CE4FC1BD /* FinderHoverCoordinator.swift */ = {isa = PBXFileReference; includeInIndex = 1; lastKnownFileType = sourcecode.swift; path = FinderHoverCoordinator.swift; sourceTree = "<group>"; };
		AAA977704280C36594BE848D /* FinderSelectionResolver.swift */ = {isa = PBXFileReference; includeInIndex = 1; lastKnownFileType = sourcecode.swift; path = FinderSelectionResolver.swift; sourceTree = "<group>"; };
		AB5CDCA570666DA19786FB23 /* Cocoa.framework */ = {isa = PBXFileReference; lastKnownFileType = wrapper.framework; name = Cocoa.framework; path = System/Library/Frameworks/Cocoa.framework; sourceTree = SDKROOT; };
		AD734818BD3A682947A6933E /* KaTeX_SansSerif-Bold.woff2 */ = {isa = PBXFileReference; includeInIndex = 1; name = "KaTeX_SansSerif-Bold.woff2"; path = "Vendor/fonts/KaTeX_SansSerif-Bold.woff2"; sourceTree = "<group>"; };
		B108F7F7201C3794DC77B093 /* FinderItemResolver.swift */ = {isa = PBXFileReference; includeInIndex = 1; lastKnownFileType = sourcecode.swift; path = FinderItemResolver.swift; sourceTree = "<group>"; };
		B6DE13E4CDA80118BF9DA6C9 /* KaTeX_AMS-Regular.woff */ = {isa = PBXFileReference; includeInIndex = 1; name = "KaTeX_AMS-Regular.woff"; path = "Vendor/fonts/KaTeX_AMS-Regular.woff"; sourceTree = "<group>"; };
		B79A18E00B3F3B91B6A6096D /* AppDelegate.swift */ = {isa = PBXFileReference; includeInIndex = 1; lastKnownFileType = sourcecode.swift; path = AppDelegate.swift; sourceTree = "<group>"; };
		BE258CF998417BEB5DBB7891 /* KaTeX_Script-Regular.woff2 */ = {isa = PBXFileReference; includeInIndex = 1; name = "KaTeX_Script-Regular.woff2"; path = "Vendor/fonts/KaTeX_Script-Regular.woff2"; sourceTree = "<group>"; };
		C12E62A2D6E4CBC074FF0499 /* markdown-it.min.js */ = {isa = PBXFileReference; includeInIndex = 1; name = "markdown-it.min.js"; path = "Vendor/js/markdown-it.min.js"; sourceTree = "<group>"; };
		C2C965F9FCB7F12881B9AF21 /* AccessibilityPermissionManager.swift */ = {isa = PBXFileReference; includeInIndex = 1; lastKnownFileType = sourcecode.swift; path = AccessibilityPermissionManager.swift; sourceTree = "<group>"; };
		C647274BFD41430C15289F6A /* KaTeX_Script-Regular.woff */ = {isa = PBXFileReference; includeInIndex = 1; name = "KaTeX_Script-Regular.woff"; path = "Vendor/fonts/KaTeX_Script-Regular.woff"; sourceTree = "<group>"; };
		C682E833A8B1BB383108537D /* KaTeX_Main-Regular.woff2 */ = {isa = PBXFileReference; includeInIndex = 1; name = "KaTeX_Main-Regular.woff2"; path = "Vendor/fonts/KaTeX_Main-Regular.woff2"; sourceTree = "<group>"; };
		CA0AFC5089824A6243607CFB /* VendorAssetLoader.swift */ = {isa = PBXFileReference; includeInIndex = 1; lastKnownFileType = sourcecode.swift; path = VendorAssetLoader.swift; sourceTree = "<group>"; };
		CD451379B791C21DE0F438DC /* KaTeX_SansSerif-Italic.woff2 */ = {isa = PBXFileReference; includeInIndex = 1; name = "KaTeX_SansSerif-Italic.woff2"; path = "Vendor/fonts/KaTeX_SansSerif-Italic.woff2"; sourceTree = "<group>"; };
		CF2CD7EAE1A2D0213799F410 /* KaTeX_Math-Italic.woff */ = {isa = PBXFileReference; includeInIndex = 1; name = "KaTeX_Math-Italic.woff"; path = "Vendor/fonts/KaTeX_Math-Italic.woff"; sourceTree = "<group>"; };
		D3BBEBE8D1BF227498472085 /* RuntimeLogger.swift */ = {isa = PBXFileReference; includeInIndex = 1; lastKnownFileType = sourcecode.swift; path = RuntimeLogger.swift; sourceTree = "<group>"; };
		D8C7481A9EBDE1BA21B0AA4D /* HoverMonitorService.swift */ = {isa = PBXFileReference; includeInIndex = 1; lastKnownFileType = sourcecode.swift; path = HoverMonitorService.swift; sourceTree = "<group>"; };
		DB30C71330C7F6DEF37B5F2E /* KaTeX_AMS-Regular.ttf */ = {isa = PBXFileReference; includeInIndex = 1; name = "KaTeX_AMS-Regular.ttf"; path = "Vendor/fonts/KaTeX_AMS-Regular.ttf"; sourceTree = "<group>"; };
		DE39796CB7127DACBFF3E014 /* KaTeX_SansSerif-Regular.woff */ = {isa = PBXFileReference; includeInIndex = 1; name = "KaTeX_SansSerif-Regular.woff"; path = "Vendor/fonts/KaTeX_SansSerif-Regular.woff"; sourceTree = "<group>"; };
		DEF61D2E8869C495B36185B6 /* KaTeX_Fraktur-Regular.woff */ = {isa = PBXFileReference; includeInIndex = 1; name = "KaTeX_Fraktur-Regular.woff"; path = "Vendor/fonts/KaTeX_Fraktur-Regular.woff"; sourceTree = "<group>"; };
		E4DA8C1588206E344FAA68C8 /* KaTeX_Fraktur-Regular.ttf */ = {isa = PBXFileReference; includeInIndex = 1; name = "KaTeX_Fraktur-Regular.ttf"; path = "Vendor/fonts/KaTeX_Fraktur-Regular.ttf"; sourceTree = "<group>"; };
		E5DD6924B155B98813893C2F /* KaTeX_SansSerif-Regular.woff2 */ = {isa = PBXFileReference; includeInIndex = 1; name = "KaTeX_SansSerif-Regular.woff2"; path = "Vendor/fonts/KaTeX_SansSerif-Regular.woff2"; sourceTree = "<group>"; };
		E6922D057AE2B52109F90E14 /* KaTeX_Typewriter-Regular.woff */ = {isa = PBXFileReference; includeInIndex = 1; name = "KaTeX_Typewriter-Regular.woff"; path = "Vendor/fonts/KaTeX_Typewriter-Regular.woff"; sourceTree = "<group>"; };
		EEC4D5A61CEFEA30BEDBBE42 /* mermaid.min.js */ = {isa = PBXFileReference; includeInIndex = 1; name = mermaid.min.js; path = Vendor/js/mermaid.min.js; sourceTree = "<group>"; };
		F3D38C64A8E15F729159B552 /* KaTeX_Size3-Regular.woff2 */ = {isa = PBXFileReference; includeInIndex = 1; name = "KaTeX_Size3-Regular.woff2"; path = "Vendor/fonts/KaTeX_Size3-Regular.woff2"; sourceTree = "<group>"; };
		F5C953ABB6F76DA36BEC2CB6 /* KaTeX_SansSerif-Regular.ttf */ = {isa = PBXFileReference; includeInIndex = 1; name = "KaTeX_SansSerif-Regular.ttf"; path = "Vendor/fonts/KaTeX_SansSerif-Regular.ttf"; sourceTree = "<group>"; };
		FAD0DEC55484A2739FE56073 /* KaTeX_Fraktur-Bold.woff */ = {isa = PBXFileReference; includeInIndex = 1; name = "KaTeX_Fraktur-Bold.woff"; path = "Vendor/fonts/KaTeX_Fraktur-Bold.woff"; sourceTree = "<group>"; };
		FE0092217AE3DFB9395B31DA /* KaTeX_Main-Italic.ttf */ = {isa = PBXFileReference; includeInIndex = 1; name = "KaTeX_Main-Italic.ttf"; path = "Vendor/fonts/KaTeX_Main-Italic.ttf"; sourceTree = "<group>"; };
/* End PBXFileReference section */

/* Begin PBXFrameworksBuildPhase section */
		B55DED0961786AC55FFD6981 /* Frameworks */ = {
			isa = PBXFrameworksBuildPhase;
			buildActionMask = 2147483647;
			files = (
				1ED6BAA341C9EE85FD0E9AE5 /* Cocoa.framework in Frameworks */,
			);
			runOnlyForDeploymentPostprocessing = 0;
		};
		E0F127BC09B6D5F9B560B001 /* Frameworks */ = {
			isa = PBXFrameworksBuildPhase;
			buildActionMask = 2147483647;
			files = (
				CE4D672F10060F9B373B94FA /* Cocoa.framework in Frameworks */,
			);
			runOnlyForDeploymentPostprocessing = 0;
		};
/* End PBXFrameworksBuildPhase section */

/* Begin PBXGroup section */
		023112E53EAC84B492AA064F /* OS X */ = {
			isa = PBXGroup;
			children = (
				AB5CDCA570666DA19786FB23 /* Cocoa.framework */,
			);
			name = "OS X";
			sourceTree = "<group>";
		};
		30165A57A877495CC3DCFBFB /* FastMDTests */ = {
			isa = PBXGroup;
			children = (
				02AAA4AD0336552E807DFF30 /* FastMDTests.swift */,
			);
			name = FastMDTests;
			path = FastMDTests;
			sourceTree = "<group>";
		};
		52AE57ADD1A2567DC50F8DC2 = {
			isa = PBXGroup;
			children = (
				5B31C60FE4939521AD4A7B31 /* Frameworks */,
				AB7E2E127E1D0421DBDE76B0 /* Products */,
				6BF9871425783D5B844A416C /* Sources */,
				9983280C96A036C28BAB652C /* Tests */,
			);
			sourceTree = "<group>";
		};
		5B31C60FE4939521AD4A7B31 /* Frameworks */ = {
			isa = PBXGroup;
			children = (
				023112E53EAC84B492AA064F /* OS X */,
			);
			name = Frameworks;
			sourceTree = "<group>";
		};
		6BF9871425783D5B844A416C /* Sources */ = {
			isa = PBXGroup;
			children = (
				90401C5293D35C738010EF92 /* FastMD */,
			);
			name = Sources;
			path = Sources;
			sourceTree = "<group>";
		};
		71FF4262DC87EB16CE0C11CD /* Resources */ = {
			isa = PBXGroup;
			children = (
				22863A2D4541AED3DB64AF8C /* highlight.github.min.css */,
				7319CBFE139FCD5BED2CE01E /* katex.min.css */,
				6B579FFCD94AC5A523B98ED5 /* highlight.common.min.js */,
				7273DFF7560ABAB74916295D /* katex-auto-render.min.js */,
				51E759A7B555D7AB9B4EF1B7 /* katex.min.js */,
				3DDA01FF052B8F3DBEB6D675 /* markdown-it-footnote.min.js */,
				659C644BDE1F760A892EE3A7 /* markdown-it-task-lists.min.js */,
				C12E62A2D6E4CBC074FF0499 /* markdown-it.min.js */,
				EEC4D5A61CEFEA30BEDBBE42 /* mermaid.min.js */,
				DB30C71330C7F6DEF37B5F2E /* KaTeX_AMS-Regular.ttf */,
				3F6DA950EB521011D4954E16 /* KaTeX_Caligraphic-Bold.ttf */,
				9185D13D8A0CE432A882107F /* KaTeX_Caligraphic-Regular.ttf */,
				13B17D6F4952F995D24B4E5A /* KaTeX_Fraktur-Bold.ttf */,
				E4DA8C1588206E344FAA68C8 /* KaTeX_Fraktur-Regular.ttf */,
				2D5B301696CA3E0D86609342 /* KaTeX_Main-Bold.ttf */,
				123FF9CD6FAD349319ABBBF7 /* KaTeX_Main-BoldItalic.ttf */,
				FE0092217AE3DFB9395B31DA /* KaTeX_Main-Italic.ttf */,
				93C2366D82E79B27C4137AE2 /* KaTeX_Main-Regular.ttf */,
				412115DDDBC5E74B67D2CA35 /* KaTeX_Math-BoldItalic.ttf */,
				9016827918A99F1F8AD8B3A9 /* KaTeX_Math-Italic.ttf */,
				2B0215412CB7CD6EF1268DD9 /* KaTeX_SansSerif-Bold.ttf */,
				4D0DEF847FD5AF56E691DAD0 /* KaTeX_SansSerif-Italic.ttf */,
				F5C953ABB6F76DA36BEC2CB6 /* KaTeX_SansSerif-Regular.ttf */,
				10F9EC76C2B50B250713D995 /* KaTeX_Script-Regular.ttf */,
				63CD1BB7A9240254F4AB2FF6 /* KaTeX_Size1-Regular.ttf */,
				1FA166A93836C236537F5CA2 /* KaTeX_Size2-Regular.ttf */,
				14AD0675DD1F6B8865C422E1 /* KaTeX_Size3-Regular.ttf */,
				475C9084E2612A24560D1B8E /* KaTeX_Size4-Regular.ttf */,
				96230B5979F029F0B7894480 /* KaTeX_Typewriter-Regular.ttf */,
				B6DE13E4CDA80118BF9DA6C9 /* KaTeX_AMS-Regular.woff */,
				08EC89D5129BD71FF57138E4 /* KaTeX_Caligraphic-Bold.woff */,
				14207A9B13449DF29429B2AB /* KaTeX_Caligraphic-Regular.woff */,
				FAD0DEC55484A2739FE56073 /* KaTeX_Fraktur-Bold.woff */,
				DEF61D2E8869C495B36185B6 /* KaTeX_Fraktur-Regular.woff */,
				0AD84CEE0ADF4799FEC8D682 /* KaTeX_Main-Bold.woff */,
				0FB977F61472DBF926D8847D /* KaTeX_Main-BoldItalic.woff */,
				375E35A7D2AF33950BBAC17B /* KaTeX_Main-Italic.woff */,
				5AAC53819DEDAD175459BD3D /* KaTeX_Main-Regular.woff */,
				2FE7A386D821170B2FE50886 /* KaTeX_Math-BoldItalic.woff */,
				CF2CD7EAE1A2D0213799F410 /* KaTeX_Math-Italic.woff */,
				6A53812AFB558ADDF56611C0 /* KaTeX_SansSerif-Bold.woff */,
				579094C38FFF7C073A026CAB /* KaTeX_SansSerif-Italic.woff */,
				DE39796CB7127DACBFF3E014 /* KaTeX_SansSerif-Regular.woff */,
				C647274BFD41430C15289F6A /* KaTeX_Script-Regular.woff */,
				39429109187AB144A50DBD06 /* KaTeX_Size1-Regular.woff */,
				567DE98CCAA82ECF7420851A /* KaTeX_Size2-Regular.woff */,
				6D39578BA5CA544401A27C02 /* KaTeX_Size3-Regular.woff */,
				3A8DCA9EA1AE7ACC93F68510 /* KaTeX_Size4-Regular.woff */,
				E6922D057AE2B52109F90E14 /* KaTeX_Typewriter-Regular.woff */,
				8AE849C591CD079019AD6F74 /* KaTeX_AMS-Regular.woff2 */,
				91CDA6CB68F0830A7DB11DBF /* KaTeX_Caligraphic-Bold.woff2 */,
				28C65C6AB00EFD6B784E908B /* KaTeX_Caligraphic-Regular.woff2 */,
				6919B1A10FD90851A239E782 /* KaTeX_Fraktur-Bold.woff2 */,
				2AEAE4B632ADFEAC0F48DF54 /* KaTeX_Fraktur-Regular.woff2 */,
				08E1C03A22574072EFBD737B /* KaTeX_Main-Bold.woff2 */,
				82B66BA74EEA480E39306F2F /* KaTeX_Main-BoldItalic.woff2 */,
				A7B20EB238171AD99A410F72 /* KaTeX_Main-Italic.woff2 */,
				C682E833A8B1BB383108537D /* KaTeX_Main-Regular.woff2 */,
				723FFF5A68829F7586801BC2 /* KaTeX_Math-BoldItalic.woff2 */,
				865843A6CB0ADC2D021792DD /* KaTeX_Math-Italic.woff2 */,
				AD734818BD3A682947A6933E /* KaTeX_SansSerif-Bold.woff2 */,
				CD451379B791C21DE0F438DC /* KaTeX_SansSerif-Italic.woff2 */,
				E5DD6924B155B98813893C2F /* KaTeX_SansSerif-Regular.woff2 */,
				BE258CF998417BEB5DBB7891 /* KaTeX_Script-Regular.woff2 */,
				821FA6D6122AFE8AA4CD071A /* KaTeX_Size1-Regular.woff2 */,
				1A6F0766B38A3F761B890B40 /* KaTeX_Size2-Regular.woff2 */,
				F3D38C64A8E15F729159B552 /* KaTeX_Size3-Regular.woff2 */,
				A793702D210BC15DD66CA2CC /* KaTeX_Size4-Regular.woff2 */,
				4469AFFEEE91D677F6153EB0 /* KaTeX_Typewriter-Regular.woff2 */,
			);
			name = Resources;
			path = Resources;
			sourceTree = "<group>";
		};
		90401C5293D35C738010EF92 /* FastMD */ = {
			isa = PBXGroup;
			children = (
				71FF4262DC87EB16CE0C11CD /* Resources */,
				C2C965F9FCB7F12881B9AF21 /* AccessibilityPermissionManager.swift */,
				B79A18E00B3F3B91B6A6096D /* AppDelegate.swift */,
				6D4E5D098F724531F48D715C /* FastMDApp.swift */,
				A9EBAFC68DD37899CE4FC1BD /* FinderHoverCoordinator.swift */,
				B108F7F7201C3794DC77B093 /* FinderItemResolver.swift */,
				AAA977704280C36594BE848D /* FinderSelectionResolver.swift */,
				D8C7481A9EBDE1BA21B0AA4D /* HoverMonitorService.swift */,
				1C175A8AEAD907A3194471CD /* MarkdownRenderer.swift */,
				63306976719E876711E2244F /* PreferencesStore.swift */,
				05E266FECDD918B1565591A9 /* PreviewPanelController.swift */,
				D3BBEBE8D1BF227498472085 /* RuntimeLogger.swift */,
				30D2829402B7E95F1558C20E /* SpaceKeyMonitor.swift */,
				CA0AFC5089824A6243607CFB /* VendorAssetLoader.swift */,
			);
			name = FastMD;
			path = FastMD;
			sourceTree = "<group>";
		};
		9983280C96A036C28BAB652C /* Tests */ = {
			isa = PBXGroup;
			children = (
				30165A57A877495CC3DCFBFB /* FastMDTests */,
			);
			name = Tests;
			path = Tests;
			sourceTree = "<group>";
		};
		AB7E2E127E1D0421DBDE76B0 /* Products */ = {
			isa = PBXGroup;
			children = (
				143661F47C7F7BA78DE833C3 /* FastMD.app */,
				75271A1DC60EB449691DCFF6 /* FastMDTests.xctest */,
			);
			name = Products;
			sourceTree = "<group>";
		};
/* End PBXGroup section */

/* Begin PBXNativeTarget section */
		4965C1B85433F4899BA0FDD5 /* FastMD */ = {
			isa = PBXNativeTarget;
			buildConfigurationList = 7420757BF6AE3914F304EE85 /* Build configuration list for PBXNativeTarget "FastMD" */;
			buildPhases = (
				930A66964E5520DCEFD228FF /* Sources */,
				E0F127BC09B6D5F9B560B001 /* Frameworks */,
				4B42F35911C96B0641759EDA /* Resources */,
			);
			buildRules = (
			);
			dependencies = (
			);
			name = FastMD;
			productName = FastMD;
			productReference = 143661F47C7F7BA78DE833C3 /* FastMD.app */;
			productType = "com.apple.product-type.application";
		};
		92ABC205F0076D0F68A1026F /* FastMDTests */ = {
			isa = PBXNativeTarget;
			buildConfigurationList = D2FF8D9D9D3F8F32AE2EE924 /* Build configuration list for PBXNativeTarget "FastMDTests" */;
			buildPhases = (
				7D86912843F9931698761144 /* Sources */,
				B55DED0961786AC55FFD6981 /* Frameworks */,
				23844A225D840045AB0B66D8 /* Resources */,
			);
			buildRules = (
			);
			dependencies = (
				B0F571EF2D24A8AAAAE50CCD /* PBXTargetDependency */,
			);
			name = FastMDTests;
			productName = FastMDTests;
			productReference = 75271A1DC60EB449691DCFF6 /* FastMDTests.xctest */;
			productType = "com.apple.product-type.bundle.unit-test";
		};
/* End PBXNativeTarget section */

/* Begin PBXProject section */
		6DF2091BED319CD83BF5A375 /* Project object */ = {
			isa = PBXProject;
			attributes = {
				LastSwiftUpdateCheck = 2640;
				LastUpgradeCheck = 2640;
				ORGANIZATIONNAME = wangweiyang;
			};
			buildConfigurationList = 5F29DBBB252DCC5A876CD88A /* Build configuration list for PBXProject "FastMD" */;
			compatibilityVersion = "Xcode 3.2";
			developmentRegion = en;
			hasScannedForEncodings = 0;
			knownRegions = (
				en,
				Base,
			);
			mainGroup = 52AE57ADD1A2567DC50F8DC2;
			minimizedProjectReferenceProxies = 0;
			preferredProjectObjectVersion = 77;
			productRefGroup = AB7E2E127E1D0421DBDE76B0 /* Products */;
			projectDirPath = "";
			projectRoot = "";
			targets = (
				4965C1B85433F4899BA0FDD5 /* FastMD */,
				92ABC205F0076D0F68A1026F /* FastMDTests */,
			);
		};
/* End PBXProject section */

/* Begin PBXResourcesBuildPhase section */
		23844A225D840045AB0B66D8 /* Resources */ = {
			isa = PBXResourcesBuildPhase;
			buildActionMask = 2147483647;
			files = (
			);
			runOnlyForDeploymentPostprocessing = 0;
		};
		4B42F35911C96B0641759EDA /* Resources */ = {
			isa = PBXResourcesBuildPhase;
			buildActionMask = 2147483647;
			files = (
				911CF7A76C16DED643C04B41 /* highlight.github.min.css in Resources */,
				588CC6892CC3F7F18B4CDD56 /* katex.min.css in Resources */,
				0936EAD65F8EA9B5D2D00026 /* KaTeX_AMS-Regular.ttf in Resources */,
				86B912F6FE05ED33D0584956 /* KaTeX_AMS-Regular.woff in Resources */,
				F685ED536434004F6C6BFA25 /* KaTeX_AMS-Regular.woff2 in Resources */,
				8EEF47F26A59807A021003F2 /* KaTeX_Caligraphic-Bold.ttf in Resources */,
				5F646B1D84D0B5012AA18BC2 /* KaTeX_Caligraphic-Bold.woff in Resources */,
				B30098D4C17EA754F99C4B68 /* KaTeX_Caligraphic-Bold.woff2 in Resources */,
				D24EA8CC18BA1642B177F335 /* KaTeX_Caligraphic-Regular.ttf in Resources */,
				4CD1F1792653DF6931437474 /* KaTeX_Caligraphic-Regular.woff in Resources */,
				760FC90D4CECD93DCE7B125C /* KaTeX_Caligraphic-Regular.woff2 in Resources */,
				A64CF139FBF752B8BC77EA4A /* KaTeX_Fraktur-Bold.ttf in Resources */,
				D0A34B46B1CD189D299FEB78 /* KaTeX_Fraktur-Bold.woff in Resources */,
				04B9F24859C7ED48C7E1A170 /* KaTeX_Fraktur-Bold.woff2 in Resources */,
				4589760007077F9BE5149A80 /* KaTeX_Fraktur-Regular.ttf in Resources */,
				DA9EF575ECC2128DB65276E7 /* KaTeX_Fraktur-Regular.woff in Resources */,
				D1FA6F95DB355A54023D125B /* KaTeX_Fraktur-Regular.woff2 in Resources */,
				C43AED3FE5C05B5E2FEB77FA /* KaTeX_Main-Bold.ttf in Resources */,
				0BCD1136A474F99F2C425DE9 /* KaTeX_Main-Bold.woff in Resources */,
				B321FCAADDDE4B6C63A0644E /* KaTeX_Main-Bold.woff2 in Resources */,
				D5ABAA9D6D155AE9E5FAD161 /* KaTeX_Main-BoldItalic.ttf in Resources */,
				755C4B39802F0600384D17D5 /* KaTeX_Main-BoldItalic.woff in Resources */,
				8E7F8637DE9AD1A6D33B05E8 /* KaTeX_Main-BoldItalic.woff2 in Resources */,
				7AF1726F80B4A2BE3BE15C9C /* KaTeX_Main-Italic.ttf in Resources */,
				014EE4EE99320DB8068E27C5 /* KaTeX_Main-Italic.woff in Resources */,
				21A001E76F85CDC3FF0FD0E9 /* KaTeX_Main-Italic.woff2 in Resources */,
				72CAC07AD6999C311094655A /* KaTeX_Main-Regular.ttf in Resources */,
				AF647791279485A8BA0B89A1 /* KaTeX_Main-Regular.woff in Resources */,
				83CA66FDE46C7DC9D8CE6C5E /* KaTeX_Main-Regular.woff2 in Resources */,
				2B7DAC93A645239F5C859E4E /* KaTeX_Math-BoldItalic.ttf in Resources */,
				FE3C675676AFAE7B08485E15 /* KaTeX_Math-BoldItalic.woff in Resources */,
				C6546C45437C29A2298B6251 /* KaTeX_Math-BoldItalic.woff2 in Resources */,
				1F3C9E56F260420FC6CA94B7 /* KaTeX_Math-Italic.ttf in Resources */,
				18ABF75DA5CBEFEC94D29912 /* KaTeX_Math-Italic.woff in Resources */,
				81D8E9F0A1853572ED30CDD8 /* KaTeX_Math-Italic.woff2 in Resources */,
				B95C16F2FDDDC3AAF6E87731 /* KaTeX_SansSerif-Bold.ttf in Resources */,
				32DD3AF00750675B5462D8B4 /* KaTeX_SansSerif-Bold.woff in Resources */,
				6F70FA388A1205D71700DFEC /* KaTeX_SansSerif-Bold.woff2 in Resources */,
				1C08B759B365003DADE5FA32 /* KaTeX_SansSerif-Italic.ttf in Resources */,
				3B35861186887DCC20950642 /* KaTeX_SansSerif-Italic.woff in Resources */,
				50070152FF627D8BE3859742 /* KaTeX_SansSerif-Italic.woff2 in Resources */,
				91E487ED2B375D05AE07AABE /* KaTeX_SansSerif-Regular.ttf in Resources */,
				D0947F82FB3F871A90DB179A /* KaTeX_SansSerif-Regular.woff in Resources */,
				A9100043A89F48EA845E0F57 /* KaTeX_SansSerif-Regular.woff2 in Resources */,
				CF84E2E98F125725629EF1D7 /* KaTeX_Script-Regular.ttf in Resources */,
				A6EDB3CD6CAE749B140C2D31 /* KaTeX_Script-Regular.woff in Resources */,
				9EF5C924C21BC2AD68249B0D /* KaTeX_Script-Regular.woff2 in Resources */,
				A8F4D02C422201FD6305CDED /* KaTeX_Size1-Regular.ttf in Resources */,
				D2F5826D1F06A24A06A6E4BE /* KaTeX_Size1-Regular.woff in Resources */,
				FD56AA4914CE4A5BB4252ABE /* KaTeX_Size1-Regular.woff2 in Resources */,
				E9DDA893B9BFF1BA045FA2CB /* KaTeX_Size2-Regular.ttf in Resources */,
				FF00AFD5743F301A01C919A7 /* KaTeX_Size2-Regular.woff in Resources */,
				D7499212D603FB28F88844A3 /* KaTeX_Size2-Regular.woff2 in Resources */,
				068F36E74C86CD92CACD5A72 /* KaTeX_Size3-Regular.ttf in Resources */,
				B2D493785CF4D20449FC7433 /* KaTeX_Size3-Regular.woff in Resources */,
				06EFF964178CB093F9A3336B /* KaTeX_Size3-Regular.woff2 in Resources */,
				FA6537EE4A7DA1413B2E6339 /* KaTeX_Size4-Regular.ttf in Resources */,
				5D132322D79203845D6BFA82 /* KaTeX_Size4-Regular.woff in Resources */,
				62F8D4F2DB6FFAFB2F36C97F /* KaTeX_Size4-Regular.woff2 in Resources */,
				C2C1C6A62BCAF205DBF72CDC /* KaTeX_Typewriter-Regular.ttf in Resources */,
				824C57CCFF0514DA09C2ECE8 /* KaTeX_Typewriter-Regular.woff in Resources */,
				621194CA40566F6EE6F125BA /* KaTeX_Typewriter-Regular.woff2 in Resources */,
				D79B711164F5DCF9F011BCAE /* highlight.common.min.js in Resources */,
				8D0D96CFDDD6D2F93E766059 /* katex-auto-render.min.js in Resources */,
				2948E90B17BE51924F9B3312 /* katex.min.js in Resources */,
				14A8C1BA4C7F0F10C95840F7 /* markdown-it-footnote.min.js in Resources */,
				E32F421855E14FEBF117E2E1 /* markdown-it-task-lists.min.js in Resources */,
				C5364DC6392F8F836B5B5438 /* markdown-it.min.js in Resources */,
				3B7F69A14209331297C173AB /* mermaid.min.js in Resources */,
			);
			runOnlyForDeploymentPostprocessing = 0;
		};
/* End PBXResourcesBuildPhase section */

/* Begin PBXSourcesBuildPhase section */
		7D86912843F9931698761144 /* Sources */ = {
			isa = PBXSourcesBuildPhase;
			buildActionMask = 2147483647;
			files = (
				5DF3EDA485CCA05414991068 /* FastMDTests.swift in Sources */,
			);
			runOnlyForDeploymentPostprocessing = 0;
		};
		930A66964E5520DCEFD228FF /* Sources */ = {
			isa = PBXSourcesBuildPhase;
			buildActionMask = 2147483647;
			files = (
				68496930C3BD04D2023B23EC /* AccessibilityPermissionManager.swift in Sources */,
				0EA0B19538F18401C21CBB18 /* AppDelegate.swift in Sources */,
				F4644AD69E3077AA3D16A4D9 /* FastMDApp.swift in Sources */,
				803451165612A1364D19F7B4 /* FinderHoverCoordinator.swift in Sources */,
				0C7072A9D6DDC6C0A2498520 /* FinderItemResolver.swift in Sources */,
				5E45F0CF1FB9CCBBEF6950AA /* FinderSelectionResolver.swift in Sources */,
				E4DF160D20E931C0E565353F /* HoverMonitorService.swift in Sources */,
				36DA72FC884E0F923C26CB89 /* MarkdownRenderer.swift in Sources */,
				997919D31879FA3418F5A019 /* PreferencesStore.swift in Sources */,
				82C1B62694AB265A093E4348 /* PreviewPanelController.swift in Sources */,
				100E71026239691062D318C5 /* RuntimeLogger.swift in Sources */,
				E3414D051C6BA2BDD8DADB3E /* SpaceKeyMonitor.swift in Sources */,
				144722AC930BF55F67132BAA /* VendorAssetLoader.swift in Sources */,
			);
			runOnlyForDeploymentPostprocessing = 0;
		};
/* End PBXSourcesBuildPhase section */

/* Begin PBXTargetDependency section */
		B0F571EF2D24A8AAAAE50CCD /* PBXTargetDependency */ = {
			isa = PBXTargetDependency;
			name = FastMD;
			target = 4965C1B85433F4899BA0FDD5 /* FastMD */;
			targetProxy = 2F5862A6FC98B4F5179C743A /* PBXContainerItemProxy */;
		};
/* End PBXTargetDependency section */

/* Begin XCBuildConfiguration section */
		57C013D423BACC544EFDBB99 /* Release */ = {
			isa = XCBuildConfiguration;
			buildSettings = {
				ALWAYS_SEARCH_USER_PATHS = NO;
				CLANG_ANALYZER_NONNULL = YES;
				CLANG_ANALYZER_NUMBER_OBJECT_CONVERSION = YES_AGGRESSIVE;
				CLANG_CXX_LANGUAGE_STANDARD = "gnu++14";
				CLANG_CXX_LIBRARY = "libc++";
				CLANG_ENABLE_MODULES = YES;
				CLANG_ENABLE_OBJC_ARC = YES;
				CLANG_ENABLE_OBJC_WEAK = YES;
				CLANG_WARN_BLOCK_CAPTURE_AUTORELEASING = YES;
				CLANG_WARN_BOOL_CONVERSION = YES;
				CLANG_WARN_COMMA = YES;
				CLANG_WARN_CONSTANT_CONVERSION = YES;
				CLANG_WARN_DEPRECATED_OBJC_IMPLEMENTATIONS = YES;
				CLANG_WARN_DIRECT_OBJC_ISA_USAGE = YES_ERROR;
				CLANG_WARN_DOCUMENTATION_COMMENTS = YES;
				CLANG_WARN_EMPTY_BODY = YES;
				CLANG_WARN_ENUM_CONVERSION = YES;
				CLANG_WARN_INFINITE_RECURSION = YES;
				CLANG_WARN_INT_CONVERSION = YES;
				CLANG_WARN_NON_LITERAL_NULL_CONVERSION = YES;
				CLANG_WARN_OBJC_IMPLICIT_RETAIN_SELF = YES;
				CLANG_WARN_OBJC_LITERAL_CONVERSION = YES;
				CLANG_WARN_OBJC_ROOT_CLASS = YES_ERROR;
				CLANG_WARN_QUOTED_INCLUDE_IN_FRAMEWORK_HEADER = YES;
				CLANG_WARN_RANGE_LOOP_ANALYSIS = YES;
				CLANG_WARN_STRICT_PROTOTYPES = YES;
				CLANG_WARN_SUSPICIOUS_MOVE = YES;
				CLANG_WARN_UNGUARDED_AVAILABILITY = YES_AGGRESSIVE;
				CLANG_WARN_UNREACHABLE_CODE = YES;
				CLANG_WARN__DUPLICATE_METHOD_MATCH = YES;
				COPY_PHASE_STRIP = NO;
				DEBUG_INFORMATION_FORMAT = "dwarf-with-dsym";
				ENABLE_NS_ASSERTIONS = NO;
				ENABLE_STRICT_OBJC_MSGSEND = YES;
				GCC_C_LANGUAGE_STANDARD = gnu11;
				GCC_NO_COMMON_BLOCKS = YES;
				GCC_WARN_64_TO_32_BIT_CONVERSION = YES;
				GCC_WARN_ABOUT_RETURN_TYPE = YES_ERROR;
				GCC_WARN_UNDECLARED_SELECTOR = YES;
				GCC_WARN_UNINITIALIZED_AUTOS = YES_AGGRESSIVE;
				GCC_WARN_UNUSED_FUNCTION = YES;
				GCC_WARN_UNUSED_VARIABLE = YES;
				MACOSX_DEPLOYMENT_TARGET = 14.0;
				MTL_ENABLE_DEBUG_INFO = NO;
				MTL_FAST_MATH = YES;
				PRODUCT_NAME = "$(TARGET_NAME)";
				SDKROOT = macosx;
				SWIFT_COMPILATION_MODE = wholemodule;
				SWIFT_OPTIMIZATION_LEVEL = "-O";
				SWIFT_VERSION = 6.0;
			};
			name = Release;
		};
		76E9AE9A8D2340D4073A5C9A /* Debug */ = {
			isa = XCBuildConfiguration;
			buildSettings = {
				ALWAYS_SEARCH_USER_PATHS = NO;
				CLANG_ANALYZER_NONNULL = YES;
				CLANG_ANALYZER_NUMBER_OBJECT_CONVERSION = YES_AGGRESSIVE;
				CLANG_CXX_LANGUAGE_STANDARD = "gnu++14";
				CLANG_CXX_LIBRARY = "libc++";
				CLANG_ENABLE_MODULES = YES;
				CLANG_ENABLE_OBJC_ARC = YES;
				CLANG_ENABLE_OBJC_WEAK = YES;
				CLANG_WARN_BLOCK_CAPTURE_AUTORELEASING = YES;
				CLANG_WARN_BOOL_CONVERSION = YES;
				CLANG_WARN_COMMA = YES;
				CLANG_WARN_CONSTANT_CONVERSION = YES;
				CLANG_WARN_DEPRECATED_OBJC_IMPLEMENTATIONS = YES;
				CLANG_WARN_DIRECT_OBJC_ISA_USAGE = YES_ERROR;
				CLANG_WARN_DOCUMENTATION_COMMENTS = YES;
				CLANG_WARN_EMPTY_BODY = YES;
				CLANG_WARN_ENUM_CONVERSION = YES;
				CLANG_WARN_INFINITE_RECURSION = YES;
				CLANG_WARN_INT_CONVERSION = YES;
				CLANG_WARN_NON_LITERAL_NULL_CONVERSION = YES;
				CLANG_WARN_OBJC_IMPLICIT_RETAIN_SELF = YES;
				CLANG_WARN_OBJC_LITERAL_CONVERSION = YES;
				CLANG_WARN_OBJC_ROOT_CLASS = YES_ERROR;
				CLANG_WARN_QUOTED_INCLUDE_IN_FRAMEWORK_HEADER = YES;
				CLANG_WARN_RANGE_LOOP_ANALYSIS = YES;
				CLANG_WARN_STRICT_PROTOTYPES = YES;
				CLANG_WARN_SUSPICIOUS_MOVE = YES;
				CLANG_WARN_UNGUARDED_AVAILABILITY = YES_AGGRESSIVE;
				CLANG_WARN_UNREACHABLE_CODE = YES;
				CLANG_WARN__DUPLICATE_METHOD_MATCH = YES;
				COPY_PHASE_STRIP = NO;
				DEBUG_INFORMATION_FORMAT = dwarf;
				ENABLE_STRICT_OBJC_MSGSEND = YES;
				ENABLE_TESTABILITY = YES;
				GCC_C_LANGUAGE_STANDARD = gnu11;
				GCC_DYNAMIC_NO_PIC = NO;
				GCC_NO_COMMON_BLOCKS = YES;
				GCC_OPTIMIZATION_LEVEL = 0;
				GCC_PREPROCESSOR_DEFINITIONS = (
					"DEBUG=1",
					"$(inherited)",
				);
				GCC_WARN_64_TO_32_BIT_CONVERSION = YES;
				GCC_WARN_ABOUT_RETURN_TYPE = YES_ERROR;
				GCC_WARN_UNDECLARED_SELECTOR = YES;
				GCC_WARN_UNINITIALIZED_AUTOS = YES_AGGRESSIVE;
				GCC_WARN_UNUSED_FUNCTION = YES;
				GCC_WARN_UNUSED_VARIABLE = YES;
				MACOSX_DEPLOYMENT_TARGET = 14.0;
				MTL_ENABLE_DEBUG_INFO = INCLUDE_SOURCE;
				MTL_FAST_MATH = YES;
				ONLY_ACTIVE_ARCH = YES;
				PRODUCT_NAME = "$(TARGET_NAME)";
				SDKROOT = macosx;
				SWIFT_ACTIVE_COMPILATION_CONDITIONS = DEBUG;
				SWIFT_OPTIMIZATION_LEVEL = "-Onone";
				SWIFT_VERSION = 6.0;
			};
			name = Debug;
		};
		A4EFD4E93469C5E53D4EADD0 /* Release */ = {
			isa = XCBuildConfiguration;
			buildSettings = {
				ASSETCATALOG_COMPILER_APPICON_NAME = AppIcon;
				ASSETCATALOG_COMPILER_GLOBAL_ACCENT_COLOR_NAME = AccentColor;
				CODE_SIGNING_ALLOWED = NO;
				CODE_SIGNING_REQUIRED = NO;
				CODE_SIGN_IDENTITY = "";
				COMBINE_HIDPI_IMAGES = YES;
				CURRENT_PROJECT_VERSION = 1;
				GENERATE_INFOPLIST_FILE = YES;
				INFOPLIST_KEY_CFBundleDisplayName = FastMD;
				INFOPLIST_KEY_LSApplicationCategoryType = "public.app-category.productivity";
				INFOPLIST_KEY_LSUIElement = YES;
				INFOPLIST_KEY_NSAppleEventsUsageDescription = "FastMD needs Finder automation to resolve hovered Markdown file paths.";
				LD_RUNPATH_SEARCH_PATHS = "$(inherited) @executable_path/../Frameworks";
				MACOSX_DEPLOYMENT_TARGET = 14.0;
				MARKETING_VERSION = 0.0.6;
				PRODUCT_BUNDLE_IDENTIFIER = com.wangweiyang.FastMD;
				PRODUCT_NAME = "$(TARGET_NAME)";
				SDKROOT = macosx;
				SWIFT_EMIT_LOC_STRINGS = NO;
				SWIFT_VERSION = 6.0;
			};
			name = Release;
		};
		A68AE5D9B6A842BA7F4A5808 /* Debug */ = {
			isa = XCBuildConfiguration;
			buildSettings = {
				BUNDLE_LOADER = "$(TEST_HOST)";
				CODE_SIGNING_ALLOWED = NO;
				CODE_SIGNING_REQUIRED = NO;
				CODE_SIGN_IDENTITY = "";
				GENERATE_INFOPLIST_FILE = YES;
				MACOSX_DEPLOYMENT_TARGET = 14.0;
				PRODUCT_BUNDLE_IDENTIFIER = com.wangweiyang.FastMDTests;
				PRODUCT_NAME = "$(TARGET_NAME)";
				SDKROOT = macosx;
				SWIFT_VERSION = 6.0;
				TEST_HOST = "$(BUILT_PRODUCTS_DIR)/FastMD.app/Contents/MacOS/FastMD";
			};
			name = Debug;
		};
		AB8B7E367153FF6FF02D26EB /* Debug */ = {
			isa = XCBuildConfiguration;
			buildSettings = {
				ASSETCATALOG_COMPILER_APPICON_NAME = AppIcon;
				ASSETCATALOG_COMPILER_GLOBAL_ACCENT_COLOR_NAME = AccentColor;
				CODE_SIGNING_ALLOWED = NO;
				CODE_SIGNING_REQUIRED = NO;
				CODE_SIGN_IDENTITY = "";
				COMBINE_HIDPI_IMAGES = YES;
				CURRENT_PROJECT_VERSION = 1;
				GENERATE_INFOPLIST_FILE = YES;
				INFOPLIST_KEY_CFBundleDisplayName = FastMD;
				INFOPLIST_KEY_LSApplicationCategoryType = "public.app-category.productivity";
				INFOPLIST_KEY_LSUIElement = YES;
				INFOPLIST_KEY_NSAppleEventsUsageDescription = "FastMD needs Finder automation to resolve hovered Markdown file paths.";
				LD_RUNPATH_SEARCH_PATHS = "$(inherited) @executable_path/../Frameworks";
				MACOSX_DEPLOYMENT_TARGET = 14.0;
				MARKETING_VERSION = 0.0.6;
				PRODUCT_BUNDLE_IDENTIFIER = com.wangweiyang.FastMD;
				PRODUCT_NAME = "$(TARGET_NAME)";
				SDKROOT = macosx;
				SWIFT_EMIT_LOC_STRINGS = NO;
				SWIFT_VERSION = 6.0;
			};
			name = Debug;
		};
		F3043408ACC90F2441E8CF12 /* Release */ = {
			isa = XCBuildConfiguration;
			buildSettings = {
				BUNDLE_LOADER = "$(TEST_HOST)";
				CODE_SIGNING_ALLOWED = NO;
				CODE_SIGNING_REQUIRED = NO;
				CODE_SIGN_IDENTITY = "";
				GENERATE_INFOPLIST_FILE = YES;
				MACOSX_DEPLOYMENT_TARGET = 14.0;
				PRODUCT_BUNDLE_IDENTIFIER = com.wangweiyang.FastMDTests;
				PRODUCT_NAME = "$(TARGET_NAME)";
				SDKROOT = macosx;
				SWIFT_VERSION = 6.0;
				TEST_HOST = "$(BUILT_PRODUCTS_DIR)/FastMD.app/Contents/MacOS/FastMD";
			};
			name = Release;
		};
/* End XCBuildConfiguration section */

/* Begin XCConfigurationList section */
		5F29DBBB252DCC5A876CD88A /* Build configuration list for PBXProject "FastMD" */ = {
			isa = XCConfigurationList;
			buildConfigurations = (
				76E9AE9A8D2340D4073A5C9A /* Debug */,
				57C013D423BACC544EFDBB99 /* Release */,
			);
			defaultConfigurationIsVisible = 0;
			defaultConfigurationName = Release;
		};
		7420757BF6AE3914F304EE85 /* Build configuration list for PBXNativeTarget "FastMD" */ = {
			isa = XCConfigurationList;
			buildConfigurations = (
				A4EFD4E93469C5E53D4EADD0 /* Release */,
				AB8B7E367153FF6FF02D26EB /* Debug */,
			);
			defaultConfigurationIsVisible = 0;
			defaultConfigurationName = Release;
		};
		D2FF8D9D9D3F8F32AE2EE924 /* Build configuration list for PBXNativeTarget "FastMDTests" */ = {
			isa = XCConfigurationList;
			buildConfigurations = (
				F3043408ACC90F2441E8CF12 /* Release */,
				A68AE5D9B6A842BA7F4A5808 /* Debug */,
			);
			defaultConfigurationIsVisible = 0;
			defaultConfigurationName = Release;
		};
/* End XCConfigurationList section */
	};
	rootObject = 6DF2091BED319CD83BF5A375 /* Project object */;
}
